<?xml version="1.0" encoding="UTF-8"?>
<!DOCTYPE plist PUBLIC "-//Apple//DTD PLIST 1.0//EN" "http://www.apple.com/DTDs/PropertyList-1.0.dtd">
<plist version="1.0">
<dict>
	<key>archiveVersion</key>
	<string>1</string>
	<key>classes</key>
	<dict/>
	<key>objectVersion</key>
	<string>46</string>
	<key>objects</key>
	<dict>
		<key>0EE77DE0D45A48EAAB2D173F</key>
		<dict>
			<key>includeInIndex</key>
			<string>1</string>
			<key>isa</key>
			<string>PBXFileReference</string>
			<key>lastKnownFileType</key>
			<string>text.xcconfig</string>
			<key>name</key>
			<string>Pods.xcconfig</string>
			<key>path</key>
			<string>Pods/Pods.xcconfig</string>
			<key>sourceTree</key>
			<string>&lt;group&gt;</string>
		</dict>
		<key>1F064A5574D04C039F35CD65</key>
		<dict>
			<key>buildActionMask</key>
			<string>2147483647</string>
			<key>files</key>
			<array/>
			<key>inputPaths</key>
			<array/>
			<key>isa</key>
			<string>PBXShellScriptBuildPhase</string>
			<key>name</key>
			<string>Copy Pods Resources</string>
			<key>outputPaths</key>
			<array/>
			<key>runOnlyForDeploymentPostprocessing</key>
			<string>0</string>
			<key>shellPath</key>
			<string>/bin/sh</string>
			<key>shellScript</key>
			<string>"${SRCROOT}/Pods/Pods-resources.sh"
</string>
			<key>showEnvVarsInLog</key>
			<string>0</string>
		</dict>
		<key>7808E982186B93DC00922CA4</key>
		<dict>
			<key>fileEncoding</key>
			<string>4</string>
			<key>isa</key>
			<string>PBXFileReference</string>
			<key>lastKnownFileType</key>
			<string>text.json</string>
			<key>name</key>
			<string>ingredients.json</string>
			<key>path</key>
			<string>../ingredients.json</string>
			<key>sourceTree</key>
			<string>&lt;group&gt;</string>
		</dict>
		<key>7808E983186B93DC00922CA4</key>
		<dict>
			<key>fileEncoding</key>
			<string>4</string>
			<key>isa</key>
			<string>PBXFileReference</string>
			<key>lastKnownFileType</key>
			<string>text.json</string>
			<key>name</key>
			<string>recipes.json</string>
			<key>path</key>
			<string>../recipes.json</string>
			<key>sourceTree</key>
			<string>&lt;group&gt;</string>
		</dict>
		<key>7808E984186B93DC00922CA4</key>
		<dict>
			<key>fileRef</key>
			<string>7808E982186B93DC00922CA4</string>
			<key>isa</key>
			<string>PBXBuildFile</string>
		</dict>
		<key>7808E985186B93DC00922CA4</key>
		<dict>
			<key>fileRef</key>
			<string>7808E983186B93DC00922CA4</string>
			<key>isa</key>
			<string>PBXBuildFile</string>
		</dict>
		<key>7808E986186BA09800922CA4</key>
		<dict>
			<key>isa</key>
			<string>PBXFileReference</string>
			<key>lastKnownFileType</key>
			<string>image.png</string>
			<key>path</key>
			<string>UITabBarSearchTemplateSelected.png</string>
			<key>sourceTree</key>
			<string>&lt;group&gt;</string>
		</dict>
		<key>7808E987186BA09800922CA4</key>
		<dict>
			<key>isa</key>
			<string>PBXFileReference</string>
			<key>lastKnownFileType</key>
			<string>image.png</string>
			<key>path</key>
			<string>UITabBarSearchTemplateSelected@2x.png</string>
			<key>sourceTree</key>
			<string>&lt;group&gt;</string>
		</dict>
		<key>7808E988186BA09800922CA4</key>
		<dict>
			<key>fileRef</key>
			<string>7808E986186BA09800922CA4</string>
			<key>isa</key>
			<string>PBXBuildFile</string>
		</dict>
		<key>7808E989186BA09800922CA4</key>
		<dict>
			<key>fileRef</key>
			<string>7808E987186BA09800922CA4</string>
			<key>isa</key>
			<string>PBXBuildFile</string>
		</dict>
		<key>7808E992186BA27600922CA4</key>
		<dict>
			<key>isa</key>
			<string>PBXFileReference</string>
			<key>lastKnownFileType</key>
			<string>image.png</string>
			<key>path</key>
			<string>ShakerSilhouette.png</string>
			<key>sourceTree</key>
			<string>&lt;group&gt;</string>
		</dict>
		<key>7808E993186BA27600922CA4</key>
		<dict>
			<key>isa</key>
			<string>PBXFileReference</string>
			<key>lastKnownFileType</key>
			<string>image.png</string>
			<key>path</key>
			<string>ShakerSilhouette@2x.png</string>
			<key>sourceTree</key>
			<string>&lt;group&gt;</string>
		</dict>
		<key>7808E994186BA27600922CA4</key>
		<dict>
			<key>fileRef</key>
			<string>7808E992186BA27600922CA4</string>
			<key>isa</key>
			<string>PBXBuildFile</string>
		</dict>
		<key>7808E995186BA27600922CA4</key>
		<dict>
			<key>fileRef</key>
			<string>7808E993186BA27600922CA4</string>
			<key>isa</key>
			<string>PBXBuildFile</string>
		</dict>
		<key>7808E996186BA29900922CA4</key>
		<dict>
			<key>isa</key>
			<string>PBXFileReference</string>
			<key>lastKnownFileType</key>
			<string>file</string>
			<key>path</key>
			<string>shaker-outline.psd</string>
			<key>sourceTree</key>
			<string>&lt;group&gt;</string>
		</dict>
		<key>785CBBDE184992B800EB2D57</key>
		<dict>
			<key>fileEncoding</key>
			<string>4</string>
			<key>isa</key>
			<string>PBXFileReference</string>
			<key>lastKnownFileType</key>
			<string>sourcecode.c.h</string>
			<key>path</key>
			<string>RecipeDetailViewController.h</string>
			<key>sourceTree</key>
			<string>&lt;group&gt;</string>
		</dict>
		<key>785CBBDF184992B800EB2D57</key>
		<dict>
			<key>fileEncoding</key>
			<string>4</string>
			<key>isa</key>
			<string>PBXFileReference</string>
			<key>lastKnownFileType</key>
			<string>sourcecode.c.objc</string>
			<key>path</key>
			<string>RecipeDetailViewController.m</string>
			<key>sourceTree</key>
			<string>&lt;group&gt;</string>
		</dict>
		<key>785CBBE0184992B800EB2D57</key>
		<dict>
			<key>fileRef</key>
			<string>785CBBDF184992B800EB2D57</string>
			<key>isa</key>
			<string>PBXBuildFile</string>
		</dict>
		<key>785CBBE41849992000EB2D57</key>
		<dict>
			<key>fileEncoding</key>
			<string>4</string>
			<key>isa</key>
			<string>PBXFileReference</string>
			<key>lastKnownFileType</key>
			<string>sourcecode.c.h</string>
			<key>path</key>
			<string>MeasuredIngredientItem.h</string>
			<key>sourceTree</key>
			<string>&lt;group&gt;</string>
		</dict>
		<key>785CBBE51849992000EB2D57</key>
		<dict>
			<key>fileEncoding</key>
			<string>4</string>
			<key>isa</key>
			<string>PBXFileReference</string>
			<key>lastKnownFileType</key>
			<string>sourcecode.c.objc</string>
			<key>path</key>
			<string>MeasuredIngredientItem.m</string>
			<key>sourceTree</key>
			<string>&lt;group&gt;</string>
		</dict>
		<key>785CBBE61849992000EB2D57</key>
		<dict>
			<key>fileRef</key>
			<string>785CBBE51849992000EB2D57</string>
			<key>isa</key>
			<string>PBXBuildFile</string>
		</dict>
		<key>785CBBEE184A71F400EB2D57</key>
		<dict>
			<key>children</key>
			<array>
				<string>78A939951847D9E700B6784B</string>
				<string>78A939961847D9E700B6784B</string>
				<string>785CBBE41849992000EB2D57</string>
				<string>785CBBE51849992000EB2D57</string>
				<string>78A939981849649700B6784B</string>
				<string>78A939991849649700B6784B</string>
				<string>785CBBFC184C05C000EB2D57</string>
				<string>785CBBFD184C05C000EB2D57</string>
			</array>
			<key>isa</key>
			<string>PBXGroup</string>
			<key>name</key>
			<string>models</string>
			<key>sourceTree</key>
			<string>&lt;group&gt;</string>
		</dict>
		<key>785CBBEF184A720600EB2D57</key>
		<dict>
			<key>children</key>
			<array>
				<string>78850C36186AB0B400C76E3A</string>
				<string>78850C261868407F00C76E3A</string>
				<string>78850C271868408500C76E3A</string>
				<string>78850C281868409800C76E3A</string>
			</array>
			<key>isa</key>
			<string>PBXGroup</string>
			<key>name</key>
			<string>controllers</string>
			<key>sourceTree</key>
			<string>&lt;group&gt;</string>
		</dict>
		<key>785CBBF0184A720F00EB2D57</key>
		<dict>
			<key>children</key>
			<array>
				<string>78ECED5B184971C100B7BD5A</string>
				<string>78ECED5C184971C100B7BD5A</string>
				<string>78F9B6DD185EF5E00020B604</string>
				<string>78F9B6DE185EF5E00020B604</string>
				<string>78850C001864002700C76E3A</string>
				<string>78850C011864002700C76E3A</string>
			</array>
			<key>isa</key>
			<string>PBXGroup</string>
			<key>name</key>
			<string>search</string>
			<key>sourceTree</key>
			<string>&lt;group&gt;</string>
		</dict>
		<key>785CBBF7184BF12600EB2D57</key>
		<dict>
			<key>fileEncoding</key>
			<string>4</string>
			<key>isa</key>
			<string>PBXFileReference</string>
			<key>lastKnownFileType</key>
			<string>file.xib</string>
			<key>path</key>
			<string>EmptyRecipeResultsView.xib</string>
			<key>sourceTree</key>
			<string>&lt;group&gt;</string>
		</dict>
		<key>785CBBF8184BF12600EB2D57</key>
		<dict>
			<key>fileRef</key>
			<string>785CBBF7184BF12600EB2D57</string>
			<key>isa</key>
			<string>PBXBuildFile</string>
		</dict>
		<key>785CBBFC184C05C000EB2D57</key>
		<dict>
			<key>fileEncoding</key>
			<string>4</string>
			<key>isa</key>
			<string>PBXFileReference</string>
			<key>lastKnownFileType</key>
			<string>sourcecode.c.h</string>
			<key>path</key>
			<string>RecipeSearchResultItem.h</string>
			<key>sourceTree</key>
			<string>&lt;group&gt;</string>
		</dict>
		<key>785CBBFD184C05C000EB2D57</key>
		<dict>
			<key>fileEncoding</key>
			<string>4</string>
			<key>isa</key>
			<string>PBXFileReference</string>
			<key>lastKnownFileType</key>
			<string>sourcecode.c.objc</string>
			<key>path</key>
			<string>RecipeSearchResultItem.m</string>
			<key>sourceTree</key>
			<string>&lt;group&gt;</string>
		</dict>
		<key>785CBBFE184C05C000EB2D57</key>
		<dict>
			<key>fileRef</key>
			<string>785CBBFD184C05C000EB2D57</string>
			<key>isa</key>
			<string>PBXBuildFile</string>
		</dict>
		<key>785CBC0C184C377D00EB2D57</key>
		<dict>
			<key>fileEncoding</key>
			<string>4</string>
			<key>isa</key>
			<string>PBXFileReference</string>
			<key>lastKnownFileType</key>
			<string>text</string>
			<key>path</key>
			<string>todo</string>
			<key>sourceTree</key>
			<string>&lt;group&gt;</string>
		</dict>
		<key>785CBC0D184C377D00EB2D57</key>
		<dict>
			<key>fileRef</key>
			<string>785CBC0C184C377D00EB2D57</string>
			<key>isa</key>
			<string>PBXBuildFile</string>
		</dict>
		<key>785CBC0E184C38AC00EB2D57</key>
		<dict>
			<key>fileEncoding</key>
			<string>4</string>
			<key>isa</key>
			<string>PBXFileReference</string>
			<key>lastKnownFileType</key>
			<string>sourcecode.c.h</string>
			<key>path</key>
			<string>BrowseAllRecipesViewController.h</string>
			<key>sourceTree</key>
			<string>&lt;group&gt;</string>
		</dict>
		<key>785CBC0F184C38AC00EB2D57</key>
		<dict>
			<key>fileEncoding</key>
			<string>4</string>
			<key>isa</key>
			<string>PBXFileReference</string>
			<key>lastKnownFileType</key>
			<string>sourcecode.c.objc</string>
			<key>path</key>
			<string>BrowseAllRecipesViewController.m</string>
			<key>sourceTree</key>
			<string>&lt;group&gt;</string>
		</dict>
		<key>785CBC10184C38AC00EB2D57</key>
		<dict>
			<key>fileRef</key>
			<string>785CBC0F184C38AC00EB2D57</string>
			<key>isa</key>
			<string>PBXBuildFile</string>
		</dict>
		<key>785CBC11184C4E9C00EB2D57</key>
		<dict>
			<key>fileEncoding</key>
			<string>4</string>
			<key>isa</key>
			<string>PBXFileReference</string>
			<key>lastKnownFileType</key>
			<string>text</string>
			<key>path</key>
			<string>README.md</string>
			<key>sourceTree</key>
			<string>&lt;group&gt;</string>
		</dict>
		<key>785CBC12184C4E9C00EB2D57</key>
		<dict>
			<key>fileRef</key>
			<string>785CBC11184C4E9C00EB2D57</string>
			<key>isa</key>
			<string>PBXBuildFile</string>
		</dict>
		<key>7865DF83186CF8E000D8FD00</key>
		<dict>
			<key>isa</key>
			<string>PBXFileReference</string>
			<key>lastKnownFileType</key>
			<string>image.png</string>
			<key>path</key>
			<string>arrow.png</string>
			<key>sourceTree</key>
			<string>&lt;group&gt;</string>
		</dict>
		<key>7865DF84186CF8E000D8FD00</key>
		<dict>
			<key>fileRef</key>
			<string>7865DF83186CF8E000D8FD00</string>
			<key>isa</key>
			<string>PBXBuildFile</string>
		</dict>
		<key>7865DF85186D0A2900D8FD00</key>
		<dict>
			<key>isa</key>
			<string>PBXFileReference</string>
			<key>lastKnownFileType</key>
			<string>image.png</string>
			<key>path</key>
			<string>b-52.png</string>
			<key>sourceTree</key>
			<string>&lt;group&gt;</string>
		</dict>
		<key>7865DF86186D0A2900D8FD00</key>
		<dict>
			<key>fileRef</key>
			<string>7865DF85186D0A2900D8FD00</string>
			<key>isa</key>
			<string>PBXBuildFile</string>
		</dict>
		<key>7865DF87186D0AAD00D8FD00</key>
		<dict>
			<key>isa</key>
			<string>PBXFileReference</string>
			<key>lastKnownFileType</key>
			<string>image.png</string>
			<key>path</key>
			<string>bees-knees.png</string>
			<key>sourceTree</key>
			<string>&lt;group&gt;</string>
		</dict>
		<key>7865DF88186D0AAD00D8FD00</key>
		<dict>
			<key>fileRef</key>
			<string>7865DF87186D0AAD00D8FD00</string>
			<key>isa</key>
			<string>PBXBuildFile</string>
		</dict>
		<key>7865DF89186D0C6700D8FD00</key>
		<dict>
			<key>isa</key>
			<string>PBXFileReference</string>
			<key>lastKnownFileType</key>
			<string>image.png</string>
			<key>path</key>
			<string>brooklyn.png</string>
			<key>sourceTree</key>
			<string>&lt;group&gt;</string>
		</dict>
		<key>7865DF8A186D0C6700D8FD00</key>
		<dict>
			<key>fileRef</key>
			<string>7865DF89186D0C6700D8FD00</string>
			<key>isa</key>
			<string>PBXBuildFile</string>
		</dict>
		<key>7865DF8B186D0D1800D8FD00</key>
		<dict>
			<key>isa</key>
			<string>PBXFileReference</string>
			<key>lastKnownFileType</key>
			<string>image.png</string>
			<key>path</key>
			<string>caipirinha.png</string>
			<key>sourceTree</key>
			<string>&lt;group&gt;</string>
		</dict>
		<key>7865DF8C186D0D1800D8FD00</key>
		<dict>
			<key>fileRef</key>
			<string>7865DF8B186D0D1800D8FD00</string>
			<key>isa</key>
			<string>PBXBuildFile</string>
		</dict>
		<key>7865DF8D186D0DA100D8FD00</key>
		<dict>
			<key>isa</key>
			<string>PBXFileReference</string>
			<key>lastKnownFileType</key>
			<string>image.png</string>
			<key>path</key>
			<string>chateau-romani.png</string>
			<key>sourceTree</key>
			<string>&lt;group&gt;</string>
		</dict>
		<key>7865DF8E186D0DA100D8FD00</key>
		<dict>
			<key>fileRef</key>
			<string>7865DF8D186D0DA100D8FD00</string>
			<key>isa</key>
			<string>PBXBuildFile</string>
		</dict>
		<key>7865DF8F186D10B700D8FD00</key>
		<dict>
			<key>isa</key>
			<string>PBXFileReference</string>
			<key>lastKnownFileType</key>
			<string>image.png</string>
			<key>path</key>
			<string>chysanthemum.png</string>
			<key>sourceTree</key>
			<string>&lt;group&gt;</string>
		</dict>
		<key>7865DF90186D10B700D8FD00</key>
		<dict>
			<key>fileRef</key>
			<string>7865DF8F186D10B700D8FD00</string>
			<key>isa</key>
			<string>PBXBuildFile</string>
		</dict>
		<key>7865DF91186D115D00D8FD00</key>
		<dict>
			<key>isa</key>
			<string>PBXFileReference</string>
			<key>lastKnownFileType</key>
			<string>image.png</string>
			<key>path</key>
			<string>corpse-reviver-2.png</string>
			<key>sourceTree</key>
			<string>&lt;group&gt;</string>
		</dict>
		<key>7865DF92186D115D00D8FD00</key>
		<dict>
			<key>fileRef</key>
			<string>7865DF91186D115D00D8FD00</string>
			<key>isa</key>
			<string>PBXBuildFile</string>
		</dict>
		<key>7865DF93186D122F00D8FD00</key>
		<dict>
			<key>isa</key>
			<string>PBXFileReference</string>
			<key>lastKnownFileType</key>
			<string>image.png</string>
			<key>path</key>
			<string>diamondback.png</string>
			<key>sourceTree</key>
			<string>&lt;group&gt;</string>
		</dict>
		<key>7865DF94186D122F00D8FD00</key>
		<dict>
			<key>fileRef</key>
			<string>7865DF93186D122F00D8FD00</string>
			<key>isa</key>
			<string>PBXBuildFile</string>
		</dict>
		<key>7865DF95186D125F00D8FD00</key>
		<dict>
			<key>isa</key>
			<string>PBXFileReference</string>
			<key>lastKnownFileType</key>
			<string>image.png</string>
			<key>path</key>
			<string>el-presidente.png</string>
			<key>sourceTree</key>
			<string>&lt;group&gt;</string>
		</dict>
		<key>7865DF96186D125F00D8FD00</key>
		<dict>
			<key>fileRef</key>
			<string>7865DF95186D125F00D8FD00</string>
			<key>isa</key>
			<string>PBXBuildFile</string>
		</dict>
		<key>7865DF97186D132500D8FD00</key>
		<dict>
			<key>isa</key>
			<string>PBXFileReference</string>
			<key>lastKnownFileType</key>
			<string>image.png</string>
			<key>path</key>
			<string>ginger-gold-rush.png</string>
			<key>sourceTree</key>
			<string>&lt;group&gt;</string>
		</dict>
		<key>7865DF98186D132500D8FD00</key>
		<dict>
			<key>fileRef</key>
			<string>7865DF97186D132500D8FD00</string>
			<key>isa</key>
			<string>PBXBuildFile</string>
		</dict>
		<key>78850C001864002700C76E3A</key>
		<dict>
			<key>fileEncoding</key>
			<string>4</string>
			<key>isa</key>
			<string>PBXFileReference</string>
			<key>lastKnownFileType</key>
			<string>sourcecode.c.h</string>
			<key>path</key>
			<string>MixableRecipeTableSectionManager.h</string>
			<key>sourceTree</key>
			<string>&lt;group&gt;</string>
		</dict>
		<key>78850C011864002700C76E3A</key>
		<dict>
			<key>fileEncoding</key>
			<string>4</string>
			<key>isa</key>
			<string>PBXFileReference</string>
			<key>lastKnownFileType</key>
			<string>sourcecode.c.objc</string>
			<key>path</key>
			<string>MixableRecipeTableSectionManager.m</string>
			<key>sourceTree</key>
			<string>&lt;group&gt;</string>
		</dict>
		<key>78850C021864002700C76E3A</key>
		<dict>
			<key>fileRef</key>
			<string>78850C011864002700C76E3A</string>
			<key>isa</key>
			<string>PBXBuildFile</string>
		</dict>
		<key>78850C08186678D600C76E3A</key>
		<dict>
			<key>fileEncoding</key>
			<string>4</string>
			<key>isa</key>
			<string>PBXFileReference</string>
			<key>lastKnownFileType</key>
			<string>sourcecode.c.h</string>
			<key>path</key>
			<string>SourceSiteViewController.h</string>
			<key>sourceTree</key>
			<string>&lt;group&gt;</string>
		</dict>
		<key>78850C09186678D600C76E3A</key>
		<dict>
			<key>fileEncoding</key>
			<string>4</string>
			<key>isa</key>
			<string>PBXFileReference</string>
			<key>lastKnownFileType</key>
			<string>sourcecode.c.objc</string>
			<key>path</key>
			<string>SourceSiteViewController.m</string>
			<key>sourceTree</key>
			<string>&lt;group&gt;</string>
		</dict>
		<key>78850C0A186678D600C76E3A</key>
		<dict>
			<key>fileRef</key>
			<string>78850C09186678D600C76E3A</string>
			<key>isa</key>
			<string>PBXBuildFile</string>
		</dict>
		<key>78850C0E1866D6DC00C76E3A</key>
		<dict>
			<key>fileEncoding</key>
			<string>4</string>
			<key>isa</key>
			<string>PBXFileReference</string>
			<key>lastKnownFileType</key>
			<string>sourcecode.c.h</string>
			<key>path</key>
			<string>PoppingTabBarControllerDelegate.h</string>
			<key>sourceTree</key>
			<string>&lt;group&gt;</string>
		</dict>
		<key>78850C0F1866D6DC00C76E3A</key>
		<dict>
			<key>fileEncoding</key>
			<string>4</string>
			<key>isa</key>
			<string>PBXFileReference</string>
			<key>lastKnownFileType</key>
			<string>sourcecode.c.objc</string>
			<key>path</key>
			<string>PoppingTabBarControllerDelegate.m</string>
			<key>sourceTree</key>
			<string>&lt;group&gt;</string>
		</dict>
		<key>78850C101866D6DC00C76E3A</key>
		<dict>
			<key>fileRef</key>
			<string>78850C0F1866D6DC00C76E3A</string>
			<key>isa</key>
			<string>PBXBuildFile</string>
		</dict>
		<key>78850C111866D77A00C76E3A</key>
		<dict>
			<key>children</key>
			<array>
				<string>78850C0E1866D6DC00C76E3A</string>
				<string>78850C0F1866D6DC00C76E3A</string>
			</array>
			<key>isa</key>
			<string>PBXGroup</string>
			<key>name</key>
			<string>delegates</string>
			<key>sourceTree</key>
			<string>&lt;group&gt;</string>
		</dict>
		<key>78850C151868132B00C76E3A</key>
		<dict>
			<key>fileEncoding</key>
			<string>4</string>
			<key>isa</key>
			<string>PBXFileReference</string>
			<key>lastKnownFileType</key>
			<string>sourcecode.c.h</string>
			<key>path</key>
			<string>CustomDrinkTableViewController.h</string>
			<key>sourceTree</key>
			<string>&lt;group&gt;</string>
		</dict>
		<key>78850C161868132B00C76E3A</key>
		<dict>
			<key>fileEncoding</key>
			<string>4</string>
			<key>isa</key>
			<string>PBXFileReference</string>
			<key>lastKnownFileType</key>
			<string>sourcecode.c.objc</string>
			<key>path</key>
			<string>CustomDrinkTableViewController.m</string>
			<key>sourceTree</key>
			<string>&lt;group&gt;</string>
		</dict>
		<key>78850C171868132B00C76E3A</key>
		<dict>
			<key>fileRef</key>
			<string>78850C161868132B00C76E3A</string>
			<key>isa</key>
			<string>PBXBuildFile</string>
		</dict>
		<key>78850C201868305200C76E3A</key>
		<dict>
			<key>fileEncoding</key>
			<string>4</string>
			<key>isa</key>
			<string>PBXFileReference</string>
			<key>lastKnownFileType</key>
			<string>sourcecode.c.h</string>
			<key>path</key>
			<string>OneLineTextTableViewCell.h</string>
			<key>sourceTree</key>
			<string>&lt;group&gt;</string>
		</dict>
		<key>78850C211868305200C76E3A</key>
		<dict>
			<key>fileEncoding</key>
			<string>4</string>
			<key>isa</key>
			<string>PBXFileReference</string>
			<key>lastKnownFileType</key>
			<string>sourcecode.c.objc</string>
			<key>path</key>
			<string>OneLineTextTableViewCell.m</string>
			<key>sourceTree</key>
			<string>&lt;group&gt;</string>
		</dict>
		<key>78850C221868305200C76E3A</key>
		<dict>
			<key>fileRef</key>
			<string>78850C211868305200C76E3A</string>
			<key>isa</key>
			<string>PBXBuildFile</string>
		</dict>
		<key>78850C23186832F400C76E3A</key>
		<dict>
			<key>fileEncoding</key>
			<string>4</string>
			<key>isa</key>
			<string>PBXFileReference</string>
			<key>lastKnownFileType</key>
			<string>sourcecode.c.h</string>
			<key>path</key>
			<string>LongFormTextTableViewCell.h</string>
			<key>sourceTree</key>
			<string>&lt;group&gt;</string>
		</dict>
		<key>78850C24186832F400C76E3A</key>
		<dict>
			<key>fileEncoding</key>
			<string>4</string>
			<key>isa</key>
			<string>PBXFileReference</string>
			<key>lastKnownFileType</key>
			<string>sourcecode.c.objc</string>
			<key>path</key>
			<string>LongFormTextTableViewCell.m</string>
			<key>sourceTree</key>
			<string>&lt;group&gt;</string>
		</dict>
		<key>78850C25186832F400C76E3A</key>
		<dict>
			<key>fileRef</key>
			<string>78850C24186832F400C76E3A</string>
			<key>isa</key>
			<string>PBXBuildFile</string>
		</dict>
		<key>78850C261868407F00C76E3A</key>
		<dict>
			<key>children</key>
			<array>
				<string>78A9398F1847D3F300B6784B</string>
				<string>78A939901847D3F300B6784B</string>
				<string>78A939921847D45700B6784B</string>
				<string>78A939931847D45700B6784B</string>
			</array>
			<key>isa</key>
			<string>PBXGroup</string>
			<key>name</key>
			<string>mixable</string>
			<key>sourceTree</key>
			<string>&lt;group&gt;</string>
		</dict>
		<key>78850C271868408500C76E3A</key>
		<dict>
			<key>children</key>
			<array>
				<string>785CBC0E184C38AC00EB2D57</string>
				<string>785CBC0F184C38AC00EB2D57</string>
			</array>
			<key>isa</key>
			<string>PBXGroup</string>
			<key>name</key>
			<string>browse all</string>
			<key>sourceTree</key>
			<string>&lt;group&gt;</string>
		</dict>
		<key>78850C281868409800C76E3A</key>
		<dict>
			<key>children</key>
			<array>
				<string>78850C151868132B00C76E3A</string>
				<string>78850C161868132B00C76E3A</string>
				<string>78850C2D1868430100C76E3A</string>
				<string>78850C2E1868430100C76E3A</string>
				<string>78850C2A1868411000C76E3A</string>
				<string>78850C2B1868411000C76E3A</string>
			</array>
			<key>isa</key>
			<string>PBXGroup</string>
			<key>name</key>
			<string>custom</string>
			<key>sourceTree</key>
			<string>&lt;group&gt;</string>
		</dict>
		<key>78850C29186840AF00C76E3A</key>
		<dict>
			<key>children</key>
			<array>
				<string>78850C201868305200C76E3A</string>
				<string>78850C211868305200C76E3A</string>
				<string>78850C23186832F400C76E3A</string>
				<string>78850C24186832F400C76E3A</string>
				<string>78850C301868499500C76E3A</string>
				<string>78850C311868499500C76E3A</string>
			</array>
			<key>isa</key>
			<string>PBXGroup</string>
			<key>name</key>
			<string>custom</string>
			<key>sourceTree</key>
			<string>&lt;group&gt;</string>
		</dict>
		<key>78850C2A1868411000C76E3A</key>
		<dict>
			<key>fileEncoding</key>
			<string>4</string>
			<key>isa</key>
			<string>PBXFileReference</string>
			<key>lastKnownFileType</key>
			<string>sourcecode.c.h</string>
			<key>path</key>
			<string>AddIngredientTableViewController.h</string>
			<key>sourceTree</key>
			<string>&lt;group&gt;</string>
		</dict>
		<key>78850C2B1868411000C76E3A</key>
		<dict>
			<key>fileEncoding</key>
			<string>4</string>
			<key>isa</key>
			<string>PBXFileReference</string>
			<key>lastKnownFileType</key>
			<string>sourcecode.c.objc</string>
			<key>path</key>
			<string>AddIngredientTableViewController.m</string>
			<key>sourceTree</key>
			<string>&lt;group&gt;</string>
		</dict>
		<key>78850C2C1868411000C76E3A</key>
		<dict>
			<key>fileRef</key>
			<string>78850C2B1868411000C76E3A</string>
			<key>isa</key>
			<string>PBXBuildFile</string>
		</dict>
		<key>78850C2D1868430100C76E3A</key>
		<dict>
			<key>fileEncoding</key>
			<string>4</string>
			<key>isa</key>
			<string>PBXFileReference</string>
			<key>lastKnownFileType</key>
			<string>sourcecode.c.h</string>
			<key>path</key>
			<string>ChooseSingleIngredientViewController.h</string>
			<key>sourceTree</key>
			<string>&lt;group&gt;</string>
		</dict>
		<key>78850C2E1868430100C76E3A</key>
		<dict>
			<key>fileEncoding</key>
			<string>4</string>
			<key>isa</key>
			<string>PBXFileReference</string>
			<key>lastKnownFileType</key>
			<string>sourcecode.c.objc</string>
			<key>path</key>
			<string>ChooseSingleIngredientViewController.m</string>
			<key>sourceTree</key>
			<string>&lt;group&gt;</string>
		</dict>
		<key>78850C2F1868430100C76E3A</key>
		<dict>
			<key>fileRef</key>
			<string>78850C2E1868430100C76E3A</string>
			<key>isa</key>
			<string>PBXBuildFile</string>
		</dict>
		<key>78850C301868499500C76E3A</key>
		<dict>
			<key>fileEncoding</key>
			<string>4</string>
			<key>isa</key>
			<string>PBXFileReference</string>
			<key>lastKnownFileType</key>
			<string>sourcecode.c.h</string>
			<key>path</key>
			<string>EditableIngredientTableViewCell.h</string>
			<key>sourceTree</key>
			<string>&lt;group&gt;</string>
		</dict>
		<key>78850C311868499500C76E3A</key>
		<dict>
			<key>fileEncoding</key>
			<string>4</string>
			<key>isa</key>
			<string>PBXFileReference</string>
			<key>lastKnownFileType</key>
			<string>sourcecode.c.objc</string>
			<key>path</key>
			<string>EditableIngredientTableViewCell.m</string>
			<key>sourceTree</key>
			<string>&lt;group&gt;</string>
		</dict>
		<key>78850C321868499500C76E3A</key>
		<dict>
			<key>fileRef</key>
			<string>78850C311868499500C76E3A</string>
			<key>isa</key>
			<string>PBXBuildFile</string>
		</dict>
		<key>78850C3318684E5300C76E3A</key>
		<dict>
			<key>fileEncoding</key>
			<string>4</string>
			<key>isa</key>
			<string>PBXFileReference</string>
			<key>lastKnownFileType</key>
			<string>sourcecode.c.h</string>
			<key>path</key>
			<string>UIUtils.h</string>
			<key>sourceTree</key>
			<string>&lt;group&gt;</string>
		</dict>
		<key>78850C3418684E5300C76E3A</key>
		<dict>
			<key>fileEncoding</key>
			<string>4</string>
			<key>isa</key>
			<string>PBXFileReference</string>
			<key>lastKnownFileType</key>
			<string>sourcecode.c.objc</string>
			<key>path</key>
			<string>UIUtils.m</string>
			<key>sourceTree</key>
			<string>&lt;group&gt;</string>
		</dict>
		<key>78850C3518684E5300C76E3A</key>
		<dict>
			<key>fileRef</key>
			<string>78850C3418684E5300C76E3A</string>
			<key>isa</key>
			<string>PBXBuildFile</string>
		</dict>
		<key>78850C36186AB0B400C76E3A</key>
		<dict>
			<key>children</key>
			<array>
				<string>785CBBDE184992B800EB2D57</string>
				<string>785CBBDF184992B800EB2D57</string>
				<string>78850C08186678D600C76E3A</string>
				<string>78850C09186678D600C76E3A</string>
			</array>
			<key>isa</key>
			<string>PBXGroup</string>
			<key>name</key>
			<string>shared</string>
			<key>sourceTree</key>
			<string>&lt;group&gt;</string>
		</dict>
		<key>788D1FF218583D720020898F</key>
		<dict>
			<key>isa</key>
			<string>PBXFileReference</string>
			<key>lastKnownFileType</key>
			<string>image.png</string>
			<key>path</key>
			<string>DefaultRecipeImage.png</string>
			<key>sourceTree</key>
			<string>&lt;group&gt;</string>
		</dict>
		<key>788D1FF318583D720020898F</key>
		<dict>
			<key>isa</key>
			<string>PBXFileReference</string>
			<key>lastKnownFileType</key>
			<string>image.png</string>
			<key>path</key>
			<string>DefaultRecipeImage@2x.png</string>
			<key>sourceTree</key>
			<string>&lt;group&gt;</string>
		</dict>
		<key>788D1FF418583D720020898F</key>
		<dict>
			<key>fileRef</key>
			<string>788D1FF218583D720020898F</string>
			<key>isa</key>
			<string>PBXBuildFile</string>
		</dict>
		<key>788D1FF518583D720020898F</key>
		<dict>
			<key>fileRef</key>
			<string>788D1FF318583D720020898F</string>
			<key>isa</key>
			<string>PBXBuildFile</string>
		</dict>
		<key>788D1FF61858462A0020898F</key>
		<dict>
			<key>children</key>
			<array>
				<string>788D1FF9185848D40020898F</string>
				<string>7865DF85186D0A2900D8FD00</string>
				<string>7865DF87186D0AAD00D8FD00</string>
				<string>7865DF89186D0C6700D8FD00</string>
				<string>7865DF8B186D0D1800D8FD00</string>
				<string>7865DF8D186D0DA100D8FD00</string>
				<string>78F9B6E418602A4B0020B604</string>
				<string>7865DF8F186D10B700D8FD00</string>
				<string>7865DF91186D115D00D8FD00</string>
				<string>78F9B6E718602BD60020B604</string>
				<string>7865DF95186D125F00D8FD00</string>
				<string>7865DF93186D122F00D8FD00</string>
				<string>7865DF97186D132500D8FD00</string>
				<string>78F9B6E918602C600020B604</string>
			</array>
			<key>isa</key>
			<string>PBXGroup</string>
			<key>name</key>
			<string>drinks</string>
			<key>sourceTree</key>
			<string>&lt;group&gt;</string>
		</dict>
		<key>788D1FF9185848D40020898F</key>
		<dict>
			<key>isa</key>
			<string>PBXFileReference</string>
			<key>lastKnownFileType</key>
			<string>image.png</string>
			<key>path</key>
			<string>alamagoozlum.png</string>
			<key>sourceTree</key>
			<string>&lt;group&gt;</string>
		</dict>
		<key>788D1FFA185848D40020898F</key>
		<dict>
			<key>fileRef</key>
			<string>788D1FF9185848D40020898F</string>
			<key>isa</key>
			<string>PBXBuildFile</string>
		</dict>
		<key>7890449E18556CBF00A39B3C</key>
		<dict>
			<key>isa</key>
			<string>PBXFileReference</string>
			<key>lastKnownFileType</key>
			<string>image.png</string>
			<key>path</key>
			<string>UIButtonBarArrowDown.png</string>
			<key>sourceTree</key>
			<string>&lt;group&gt;</string>
		</dict>
		<key>7890449F18556CBF00A39B3C</key>
		<dict>
			<key>isa</key>
			<string>PBXFileReference</string>
			<key>lastKnownFileType</key>
			<string>image.png</string>
			<key>path</key>
			<string>UIButtonBarArrowDown@2x.png</string>
			<key>sourceTree</key>
			<string>&lt;group&gt;</string>
		</dict>
		<key>789044A018556CBF00A39B3C</key>
		<dict>
			<key>isa</key>
			<string>PBXFileReference</string>
			<key>lastKnownFileType</key>
			<string>image.png</string>
			<key>path</key>
			<string>UIButtonBarArrowUp.png</string>
			<key>sourceTree</key>
			<string>&lt;group&gt;</string>
		</dict>
		<key>789044A118556CBF00A39B3C</key>
		<dict>
			<key>isa</key>
			<string>PBXFileReference</string>
			<key>lastKnownFileType</key>
			<string>image.png</string>
			<key>path</key>
			<string>UIButtonBarArrowUp@2x.png</string>
			<key>sourceTree</key>
			<string>&lt;group&gt;</string>
		</dict>
		<key>789044A218556CBF00A39B3C</key>
		<dict>
			<key>fileRef</key>
			<string>7890449E18556CBF00A39B3C</string>
			<key>isa</key>
			<string>PBXBuildFile</string>
		</dict>
		<key>789044A318556CBF00A39B3C</key>
		<dict>
			<key>fileRef</key>
			<string>7890449F18556CBF00A39B3C</string>
			<key>isa</key>
			<string>PBXBuildFile</string>
		</dict>
		<key>789044A418556CBF00A39B3C</key>
		<dict>
			<key>fileRef</key>
			<string>789044A018556CBF00A39B3C</string>
			<key>isa</key>
			<string>PBXBuildFile</string>
		</dict>
		<key>789044A518556CBF00A39B3C</key>
		<dict>
			<key>fileRef</key>
			<string>789044A118556CBF00A39B3C</string>
			<key>isa</key>
			<string>PBXBuildFile</string>
		</dict>
		<key>789044A618556CC400A39B3C</key>
		<dict>
			<key>children</key>
			<array>
				<string>78F9B6E618602A660020B604</string>
				<string>7808E996186BA29900922CA4</string>
				<string>7865DF83186CF8E000D8FD00</string>
				<string>7890449E18556CBF00A39B3C</string>
				<string>7890449F18556CBF00A39B3C</string>
				<string>789044A018556CBF00A39B3C</string>
				<string>789044A118556CBF00A39B3C</string>
				<string>7808E986186BA09800922CA4</string>
				<string>7808E987186BA09800922CA4</string>
				<string>788D1FF218583D720020898F</string>
				<string>788D1FF318583D720020898F</string>
				<string>7808E992186BA27600922CA4</string>
				<string>7808E993186BA27600922CA4</string>
				<string>788D1FF61858462A0020898F</string>
			</array>
			<key>isa</key>
			<string>PBXGroup</string>
			<key>name</key>
			<string>images</string>
			<key>path</key>
			<string>drinks</string>
			<key>sourceTree</key>
			<string>&lt;group&gt;</string>
		</dict>
		<key>78A939471847C52A00B6784B</key>
		<dict>
			<key>children</key>
			<array>
				<string>785CBC0C184C377D00EB2D57</string>
				<string>785CBC11184C4E9C00EB2D57</string>
				<string>78A9398A1847CB9C00B6784B</string>
				<string>785CBBF7184BF12600EB2D57</string>
				<string>78850C3318684E5300C76E3A</string>
				<string>78850C3418684E5300C76E3A</string>
				<string>785CBBEE184A71F400EB2D57</string>
				<string>785CBBEF184A720600EB2D57</string>
				<string>78850C111866D77A00C76E3A</string>
				<string>78F9B6E31860275D0020B604</string>
				<string>785CBBF0184A720F00EB2D57</string>
				<string>78A939591847C52A00B6784B</string>
				<string>789044A618556CC400A39B3C</string>
				<string>78A939721847C52A00B6784B</string>
				<string>78A939521847C52A00B6784B</string>
				<string>78A939511847C52A00B6784B</string>
				<string>0EE77DE0D45A48EAAB2D173F</string>
			</array>
			<key>isa</key>
			<string>PBXGroup</string>
			<key>sourceTree</key>
			<string>&lt;group&gt;</string>
		</dict>
		<key>78A939481847C52A00B6784B</key>
		<dict>
			<key>attributes</key>
			<dict>
				<key>LastUpgradeCheck</key>
				<string>0500</string>
				<key>ORGANIZATIONNAME</key>
				<string>Sean Kelley</string>
				<key>TargetAttributes</key>
				<dict>
					<key>78A9394F1847C52A00B6784B</key>
					<dict>
						<key>DevelopmentTeam</key>
						<string>FYBZ352JMQ</string>
					</dict>
					<key>78A9396A1847C52A00B6784B</key>
					<dict>
						<key>TestTargetID</key>
						<string>78A9394F1847C52A00B6784B</string>
					</dict>
				</dict>
			</dict>
			<key>buildConfigurationList</key>
			<string>78A9394B1847C52A00B6784B</string>
			<key>compatibilityVersion</key>
			<string>Xcode 3.2</string>
			<key>developmentRegion</key>
			<string>English</string>
			<key>hasScannedForEncodings</key>
			<string>0</string>
			<key>isa</key>
			<string>PBXProject</string>
			<key>knownRegions</key>
			<array>
				<string>en</string>
			</array>
			<key>mainGroup</key>
			<string>78A939471847C52A00B6784B</string>
			<key>productRefGroup</key>
			<string>78A939511847C52A00B6784B</string>
			<key>projectDirPath</key>
			<string></string>
			<key>projectReferences</key>
			<array/>
			<key>projectRoot</key>
			<string></string>
			<key>targets</key>
			<array>
				<string>78A9394F1847C52A00B6784B</string>
				<string>78A9396A1847C52A00B6784B</string>
			</array>
		</dict>
		<key>78A9394B1847C52A00B6784B</key>
		<dict>
			<key>buildConfigurations</key>
			<array>
				<string>78A9397A1847C52A00B6784B</string>
				<string>78A9397B1847C52A00B6784B</string>
			</array>
			<key>defaultConfigurationIsVisible</key>
			<string>0</string>
			<key>defaultConfigurationName</key>
			<string>Release</string>
			<key>isa</key>
			<string>XCConfigurationList</string>
		</dict>
		<key>78A9394C1847C52A00B6784B</key>
		<dict>
			<key>buildActionMask</key>
			<string>2147483647</string>
			<key>files</key>
			<array>
				<string>78850C2F1868430100C76E3A</string>
				<string>785CBC10184C38AC00EB2D57</string>
				<string>78A939941847D45700B6784B</string>
				<string>785CBBE0184992B800EB2D57</string>
				<string>78A939641847C52A00B6784B</string>
				<string>78F9B6DF185EF5E00020B604</string>
				<string>78A939911847D3F300B6784B</string>
				<string>78850C25186832F400C76E3A</string>
				<string>78850C221868305200C76E3A</string>
				<string>78A939971847D9E700B6784B</string>
				<string>78850C321868499500C76E3A</string>
				<string>78850C3518684E5300C76E3A</string>
				<string>78F9B6E21860274E0020B604</string>
				<string>785CBBE61849992000EB2D57</string>
				<string>78850C171868132B00C76E3A</string>
				<string>78850C0A186678D600C76E3A</string>
				<string>78850C021864002700C76E3A</string>
				<string>78ECED5D184971C100B7BD5A</string>
				<string>785CBBFE184C05C000EB2D57</string>
				<string>78850C2C1868411000C76E3A</string>
				<string>78850C101866D6DC00C76E3A</string>
				<string>78A9399A1849649700B6784B</string>
				<string>78A939601847C52A00B6784B</string>
			</array>
			<key>isa</key>
			<string>PBXSourcesBuildPhase</string>
			<key>runOnlyForDeploymentPostprocessing</key>
			<string>0</string>
		</dict>
		<key>78A9394D1847C52A00B6784B</key>
		<dict>
			<key>buildActionMask</key>
			<string>2147483647</string>
			<key>files</key>
			<array>
				<string>78A939561847C52A00B6784B</string>
				<string>78A939581847C52A00B6784B</string>
				<string>78A939541847C52A00B6784B</string>
				<string>AAF943CB894045A8A866A99F</string>
			</array>
			<key>isa</key>
			<string>PBXFrameworksBuildPhase</string>
			<key>runOnlyForDeploymentPostprocessing</key>
			<string>0</string>
		</dict>
		<key>78A9394E1847C52A00B6784B</key>
		<dict>
			<key>buildActionMask</key>
			<string>2147483647</string>
			<key>files</key>
			<array>
				<string>789044A418556CBF00A39B3C</string>
				<string>7865DF84186CF8E000D8FD00</string>
				<string>7808E994186BA27600922CA4</string>
				<string>785CBC0D184C377D00EB2D57</string>
				<string>78A9398B1847CB9C00B6784B</string>
				<string>7808E995186BA27600922CA4</string>
				<string>785CBBF8184BF12600EB2D57</string>
				<string>7865DF88186D0AAD00D8FD00</string>
				<string>7808E984186B93DC00922CA4</string>
				<string>7808E988186BA09800922CA4</string>
				<string>789044A218556CBF00A39B3C</string>
				<string>78A9395E1847C52A00B6784B</string>
				<string>78F9B6E518602A4B0020B604</string>
				<string>789044A318556CBF00A39B3C</string>
				<string>78A939661847C52A00B6784B</string>
				<string>7808E989186BA09800922CA4</string>
				<string>788D1FF418583D720020898F</string>
				<string>788D1FF518583D720020898F</string>
				<string>7865DF86186D0A2900D8FD00</string>
				<string>78F9B6E818602BD60020B604</string>
				<string>7808E985186B93DC00922CA4</string>
				<string>7865DF96186D125F00D8FD00</string>
				<string>7865DF90186D10B700D8FD00</string>
				<string>788D1FFA185848D40020898F</string>
				<string>78F9B6EA18602C600020B604</string>
				<string>7865DF94186D122F00D8FD00</string>
				<string>7865DF8E186D0DA100D8FD00</string>
				<string>785CBC12184C4E9C00EB2D57</string>
				<string>7865DF92186D115D00D8FD00</string>
				<string>789044A518556CBF00A39B3C</string>
				<string>7865DF8A186D0C6700D8FD00</string>
				<string>7865DF98186D132500D8FD00</string>
				<string>7865DF8C186D0D1800D8FD00</string>
			</array>
			<key>isa</key>
			<string>PBXResourcesBuildPhase</string>
			<key>runOnlyForDeploymentPostprocessing</key>
			<string>0</string>
		</dict>
		<key>78A9394F1847C52A00B6784B</key>
		<dict>
			<key>buildConfigurationList</key>
			<string>78A9397C1847C52A00B6784B</string>
			<key>buildPhases</key>
			<array>
				<string>DAA8A9FD3A0A41C192D6984C</string>
				<string>78A9394C1847C52A00B6784B</string>
				<string>78A9394D1847C52A00B6784B</string>
				<string>78A9394E1847C52A00B6784B</string>
				<string>1F064A5574D04C039F35CD65</string>
			</array>
			<key>buildRules</key>
			<array/>
			<key>dependencies</key>
			<array/>
			<key>isa</key>
			<string>PBXNativeTarget</string>
			<key>name</key>
			<string>drinks</string>
			<key>productName</key>
			<string>drinks</string>
			<key>productReference</key>
			<string>78A939501847C52A00B6784B</string>
			<key>productType</key>
			<string>com.apple.product-type.application</string>
		</dict>
		<key>78A939501847C52A00B6784B</key>
		<dict>
			<key>explicitFileType</key>
			<string>wrapper.application</string>
			<key>includeInIndex</key>
			<string>0</string>
			<key>isa</key>
			<string>PBXFileReference</string>
			<key>path</key>
			<string>drinks.app</string>
			<key>sourceTree</key>
			<string>BUILT_PRODUCTS_DIR</string>
		</dict>
		<key>78A939511847C52A00B6784B</key>
		<dict>
			<key>children</key>
			<array>
				<string>78A939501847C52A00B6784B</string>
				<string>78A9396B1847C52A00B6784B</string>
			</array>
			<key>isa</key>
			<string>PBXGroup</string>
			<key>name</key>
			<string>Products</string>
			<key>sourceTree</key>
			<string>&lt;group&gt;</string>
		</dict>
		<key>78A939521847C52A00B6784B</key>
		<dict>
			<key>children</key>
			<array>
				<string>78A939531847C52A00B6784B</string>
				<string>78A939551847C52A00B6784B</string>
				<string>78A939571847C52A00B6784B</string>
				<string>78A9396C1847C52A00B6784B</string>
				<string>9696579FB28F439C86300E00</string>
			</array>
			<key>isa</key>
			<string>PBXGroup</string>
			<key>name</key>
			<string>Frameworks</string>
			<key>sourceTree</key>
			<string>&lt;group&gt;</string>
		</dict>
		<key>78A939531847C52A00B6784B</key>
		<dict>
			<key>isa</key>
			<string>PBXFileReference</string>
			<key>lastKnownFileType</key>
			<string>wrapper.framework</string>
			<key>name</key>
			<string>Foundation.framework</string>
			<key>path</key>
			<string>System/Library/Frameworks/Foundation.framework</string>
			<key>sourceTree</key>
			<string>SDKROOT</string>
		</dict>
		<key>78A939541847C52A00B6784B</key>
		<dict>
			<key>fileRef</key>
			<string>78A939531847C52A00B6784B</string>
			<key>isa</key>
			<string>PBXBuildFile</string>
		</dict>
		<key>78A939551847C52A00B6784B</key>
		<dict>
			<key>isa</key>
			<string>PBXFileReference</string>
			<key>lastKnownFileType</key>
			<string>wrapper.framework</string>
			<key>name</key>
			<string>CoreGraphics.framework</string>
			<key>path</key>
			<string>System/Library/Frameworks/CoreGraphics.framework</string>
			<key>sourceTree</key>
			<string>SDKROOT</string>
		</dict>
		<key>78A939561847C52A00B6784B</key>
		<dict>
			<key>fileRef</key>
			<string>78A939551847C52A00B6784B</string>
			<key>isa</key>
			<string>PBXBuildFile</string>
		</dict>
		<key>78A939571847C52A00B6784B</key>
		<dict>
			<key>isa</key>
			<string>PBXFileReference</string>
			<key>lastKnownFileType</key>
			<string>wrapper.framework</string>
			<key>name</key>
			<string>UIKit.framework</string>
			<key>path</key>
			<string>System/Library/Frameworks/UIKit.framework</string>
			<key>sourceTree</key>
			<string>SDKROOT</string>
		</dict>
		<key>78A939581847C52A00B6784B</key>
		<dict>
			<key>fileRef</key>
			<string>78A939571847C52A00B6784B</string>
			<key>isa</key>
			<string>PBXBuildFile</string>
		</dict>
		<key>78A939591847C52A00B6784B</key>
		<dict>
			<key>children</key>
			<array>
				<string>78A939621847C52A00B6784B</string>
				<string>78A939631847C52A00B6784B</string>
				<string>7808E982186B93DC00922CA4</string>
				<string>7808E983186B93DC00922CA4</string>
				<string>78A939651847C52A00B6784B</string>
				<string>78A9395A1847C52A00B6784B</string>
			</array>
			<key>isa</key>
			<string>PBXGroup</string>
			<key>path</key>
			<string>drinks</string>
			<key>sourceTree</key>
			<string>&lt;group&gt;</string>
		</dict>
		<key>78A9395A1847C52A00B6784B</key>
		<dict>
			<key>children</key>
			<array>
				<string>78A9395B1847C52A00B6784B</string>
				<string>78A9395C1847C52A00B6784B</string>
				<string>78A9395F1847C52A00B6784B</string>
				<string>78A939611847C52A00B6784B</string>
			</array>
			<key>isa</key>
			<string>PBXGroup</string>
			<key>name</key>
			<string>Supporting Files</string>
			<key>sourceTree</key>
			<string>&lt;group&gt;</string>
		</dict>
		<key>78A9395B1847C52A00B6784B</key>
		<dict>
			<key>isa</key>
			<string>PBXFileReference</string>
			<key>lastKnownFileType</key>
			<string>text.plist.xml</string>
			<key>path</key>
			<string>drinks-Info.plist</string>
			<key>sourceTree</key>
			<string>&lt;group&gt;</string>
		</dict>
		<key>78A9395C1847C52A00B6784B</key>
		<dict>
			<key>children</key>
			<array>
				<string>78A9395D1847C52A00B6784B</string>
			</array>
			<key>isa</key>
			<string>PBXVariantGroup</string>
			<key>name</key>
			<string>InfoPlist.strings</string>
			<key>sourceTree</key>
			<string>&lt;group&gt;</string>
		</dict>
		<key>78A9395D1847C52A00B6784B</key>
		<dict>
			<key>isa</key>
			<string>PBXFileReference</string>
			<key>lastKnownFileType</key>
			<string>text.plist.strings</string>
			<key>name</key>
			<string>en</string>
			<key>path</key>
			<string>en.lproj/InfoPlist.strings</string>
			<key>sourceTree</key>
			<string>&lt;group&gt;</string>
		</dict>
		<key>78A9395E1847C52A00B6784B</key>
		<dict>
			<key>fileRef</key>
			<string>78A9395C1847C52A00B6784B</string>
			<key>isa</key>
			<string>PBXBuildFile</string>
		</dict>
		<key>78A9395F1847C52A00B6784B</key>
		<dict>
			<key>isa</key>
			<string>PBXFileReference</string>
			<key>lastKnownFileType</key>
			<string>sourcecode.c.objc</string>
			<key>path</key>
			<string>main.m</string>
			<key>sourceTree</key>
			<string>&lt;group&gt;</string>
		</dict>
		<key>78A939601847C52A00B6784B</key>
		<dict>
			<key>fileRef</key>
			<string>78A9395F1847C52A00B6784B</string>
			<key>isa</key>
			<string>PBXBuildFile</string>
		</dict>
		<key>78A939611847C52A00B6784B</key>
		<dict>
			<key>isa</key>
			<string>PBXFileReference</string>
			<key>lastKnownFileType</key>
			<string>sourcecode.c.h</string>
			<key>path</key>
			<string>drinks-Prefix.pch</string>
			<key>sourceTree</key>
			<string>&lt;group&gt;</string>
		</dict>
		<key>78A939621847C52A00B6784B</key>
		<dict>
			<key>isa</key>
			<string>PBXFileReference</string>
			<key>lastKnownFileType</key>
			<string>sourcecode.c.h</string>
			<key>path</key>
			<string>AppDelegate.h</string>
			<key>sourceTree</key>
			<string>&lt;group&gt;</string>
		</dict>
		<key>78A939631847C52A00B6784B</key>
		<dict>
			<key>isa</key>
			<string>PBXFileReference</string>
			<key>lastKnownFileType</key>
			<string>sourcecode.c.objc</string>
			<key>path</key>
			<string>AppDelegate.m</string>
			<key>sourceTree</key>
			<string>&lt;group&gt;</string>
		</dict>
		<key>78A939641847C52A00B6784B</key>
		<dict>
			<key>fileRef</key>
			<string>78A939631847C52A00B6784B</string>
			<key>isa</key>
			<string>PBXBuildFile</string>
		</dict>
		<key>78A939651847C52A00B6784B</key>
		<dict>
			<key>isa</key>
			<string>PBXFileReference</string>
			<key>lastKnownFileType</key>
			<string>folder.assetcatalog</string>
			<key>path</key>
			<string>Images.xcassets</string>
			<key>sourceTree</key>
			<string>&lt;group&gt;</string>
		</dict>
		<key>78A939661847C52A00B6784B</key>
		<dict>
			<key>fileRef</key>
			<string>78A939651847C52A00B6784B</string>
			<key>isa</key>
			<string>PBXBuildFile</string>
		</dict>
		<key>78A939671847C52A00B6784B</key>
		<dict>
			<key>buildActionMask</key>
			<string>2147483647</string>
			<key>files</key>
			<array>
				<string>78A939791847C52A00B6784B</string>
			</array>
			<key>isa</key>
			<string>PBXSourcesBuildPhase</string>
			<key>runOnlyForDeploymentPostprocessing</key>
			<string>0</string>
		</dict>
		<key>78A939681847C52A00B6784B</key>
		<dict>
			<key>buildActionMask</key>
			<string>2147483647</string>
			<key>files</key>
			<array>
				<string>78A9396D1847C52A00B6784B</string>
				<string>78A9396F1847C52A00B6784B</string>
				<string>78A9396E1847C52A00B6784B</string>
			</array>
			<key>isa</key>
			<string>PBXFrameworksBuildPhase</string>
			<key>runOnlyForDeploymentPostprocessing</key>
			<string>0</string>
		</dict>
		<key>78A939691847C52A00B6784B</key>
		<dict>
			<key>buildActionMask</key>
			<string>2147483647</string>
			<key>files</key>
			<array>
				<string>78A939771847C52A00B6784B</string>
			</array>
			<key>isa</key>
			<string>PBXResourcesBuildPhase</string>
			<key>runOnlyForDeploymentPostprocessing</key>
			<string>0</string>
		</dict>
		<key>78A9396A1847C52A00B6784B</key>
		<dict>
			<key>buildConfigurationList</key>
			<string>78A9397F1847C52A00B6784B</string>
			<key>buildPhases</key>
			<array>
				<string>78A939671847C52A00B6784B</string>
				<string>78A939681847C52A00B6784B</string>
				<string>78A939691847C52A00B6784B</string>
			</array>
			<key>buildRules</key>
			<array/>
			<key>dependencies</key>
			<array>
				<string>78A939711847C52A00B6784B</string>
			</array>
			<key>isa</key>
			<string>PBXNativeTarget</string>
			<key>name</key>
			<string>drinksTests</string>
			<key>productName</key>
			<string>drinksTests</string>
			<key>productReference</key>
			<string>78A9396B1847C52A00B6784B</string>
			<key>productType</key>
			<string>com.apple.product-type.bundle.unit-test</string>
		</dict>
		<key>78A9396B1847C52A00B6784B</key>
		<dict>
			<key>explicitFileType</key>
			<string>wrapper.cfbundle</string>
			<key>includeInIndex</key>
			<string>0</string>
			<key>isa</key>
			<string>PBXFileReference</string>
			<key>path</key>
			<string>drinksTests.xctest</string>
			<key>sourceTree</key>
			<string>BUILT_PRODUCTS_DIR</string>
		</dict>
		<key>78A9396C1847C52A00B6784B</key>
		<dict>
			<key>isa</key>
			<string>PBXFileReference</string>
			<key>lastKnownFileType</key>
			<string>wrapper.framework</string>
			<key>name</key>
			<string>XCTest.framework</string>
			<key>path</key>
			<string>Library/Frameworks/XCTest.framework</string>
			<key>sourceTree</key>
			<string>DEVELOPER_DIR</string>
		</dict>
		<key>78A9396D1847C52A00B6784B</key>
		<dict>
			<key>fileRef</key>
			<string>78A9396C1847C52A00B6784B</string>
			<key>isa</key>
			<string>PBXBuildFile</string>
		</dict>
		<key>78A9396E1847C52A00B6784B</key>
		<dict>
			<key>fileRef</key>
			<string>78A939531847C52A00B6784B</string>
			<key>isa</key>
			<string>PBXBuildFile</string>
		</dict>
		<key>78A9396F1847C52A00B6784B</key>
		<dict>
			<key>fileRef</key>
			<string>78A939571847C52A00B6784B</string>
			<key>isa</key>
			<string>PBXBuildFile</string>
		</dict>
		<key>78A939701847C52A00B6784B</key>
		<dict>
			<key>containerPortal</key>
			<string>78A939481847C52A00B6784B</string>
			<key>isa</key>
			<string>PBXContainerItemProxy</string>
			<key>proxyType</key>
			<string>1</string>
			<key>remoteGlobalIDString</key>
			<string>78A9394F1847C52A00B6784B</string>
			<key>remoteInfo</key>
			<string>drinks</string>
		</dict>
		<key>78A939711847C52A00B6784B</key>
		<dict>
			<key>isa</key>
			<string>PBXTargetDependency</string>
			<key>target</key>
			<string>78A9394F1847C52A00B6784B</string>
			<key>targetProxy</key>
			<string>78A939701847C52A00B6784B</string>
		</dict>
		<key>78A939721847C52A00B6784B</key>
		<dict>
			<key>children</key>
			<array>
				<string>78A939781847C52A00B6784B</string>
				<string>78A939731847C52A00B6784B</string>
			</array>
			<key>isa</key>
			<string>PBXGroup</string>
			<key>path</key>
			<string>drinksTests</string>
			<key>sourceTree</key>
			<string>&lt;group&gt;</string>
		</dict>
		<key>78A939731847C52A00B6784B</key>
		<dict>
			<key>children</key>
			<array>
				<string>78A939741847C52A00B6784B</string>
				<string>78A939751847C52A00B6784B</string>
			</array>
			<key>isa</key>
			<string>PBXGroup</string>
			<key>name</key>
			<string>Supporting Files</string>
			<key>sourceTree</key>
			<string>&lt;group&gt;</string>
		</dict>
		<key>78A939741847C52A00B6784B</key>
		<dict>
			<key>isa</key>
			<string>PBXFileReference</string>
			<key>lastKnownFileType</key>
			<string>text.plist.xml</string>
			<key>path</key>
			<string>drinksTests-Info.plist</string>
			<key>sourceTree</key>
			<string>&lt;group&gt;</string>
		</dict>
		<key>78A939751847C52A00B6784B</key>
		<dict>
			<key>children</key>
			<array>
				<string>78A939761847C52A00B6784B</string>
			</array>
			<key>isa</key>
			<string>PBXVariantGroup</string>
			<key>name</key>
			<string>InfoPlist.strings</string>
			<key>sourceTree</key>
			<string>&lt;group&gt;</string>
		</dict>
		<key>78A939761847C52A00B6784B</key>
		<dict>
			<key>isa</key>
			<string>PBXFileReference</string>
			<key>lastKnownFileType</key>
			<string>text.plist.strings</string>
			<key>name</key>
			<string>en</string>
			<key>path</key>
			<string>en.lproj/InfoPlist.strings</string>
			<key>sourceTree</key>
			<string>&lt;group&gt;</string>
		</dict>
		<key>78A939771847C52A00B6784B</key>
		<dict>
			<key>fileRef</key>
			<string>78A939751847C52A00B6784B</string>
			<key>isa</key>
			<string>PBXBuildFile</string>
		</dict>
		<key>78A939781847C52A00B6784B</key>
		<dict>
			<key>isa</key>
			<string>PBXFileReference</string>
			<key>lastKnownFileType</key>
			<string>sourcecode.c.objc</string>
			<key>path</key>
			<string>drinksTests.m</string>
			<key>sourceTree</key>
			<string>&lt;group&gt;</string>
		</dict>
		<key>78A939791847C52A00B6784B</key>
		<dict>
			<key>fileRef</key>
			<string>78A939781847C52A00B6784B</string>
			<key>isa</key>
			<string>PBXBuildFile</string>
		</dict>
		<key>78A9397A1847C52A00B6784B</key>
		<dict>
			<key>buildSettings</key>
			<dict>
				<key>ALWAYS_SEARCH_USER_PATHS</key>
				<string>NO</string>
				<key>ARCHS</key>
				<string>$(ARCHS_STANDARD_INCLUDING_64_BIT)</string>
				<key>CLANG_CXX_LANGUAGE_STANDARD</key>
				<string>gnu++0x</string>
				<key>CLANG_CXX_LIBRARY</key>
				<string>libc++</string>
				<key>CLANG_ENABLE_MODULES</key>
				<string>YES</string>
				<key>CLANG_ENABLE_OBJC_ARC</key>
				<string>YES</string>
				<key>CLANG_WARN_BOOL_CONVERSION</key>
				<string>YES</string>
				<key>CLANG_WARN_CONSTANT_CONVERSION</key>
				<string>YES</string>
				<key>CLANG_WARN_DIRECT_OBJC_ISA_USAGE</key>
				<string>YES_ERROR</string>
				<key>CLANG_WARN_EMPTY_BODY</key>
				<string>YES</string>
				<key>CLANG_WARN_ENUM_CONVERSION</key>
				<string>YES</string>
				<key>CLANG_WARN_INT_CONVERSION</key>
				<string>YES</string>
				<key>CLANG_WARN_OBJC_ROOT_CLASS</key>
				<string>YES_ERROR</string>
				<key>CLANG_WARN__DUPLICATE_METHOD_MATCH</key>
				<string>YES</string>
				<key>CODE_SIGN_IDENTITY[sdk=iphoneos*]</key>
				<string>iPhone Developer</string>
				<key>COPY_PHASE_STRIP</key>
				<string>NO</string>
				<key>GCC_C_LANGUAGE_STANDARD</key>
				<string>gnu99</string>
				<key>GCC_DYNAMIC_NO_PIC</key>
				<string>NO</string>
				<key>GCC_OPTIMIZATION_LEVEL</key>
				<string>0</string>
				<key>GCC_PREPROCESSOR_DEFINITIONS</key>
				<array>
					<string>DEBUG=1</string>
					<string>$(inherited)</string>
				</array>
				<key>GCC_SYMBOLS_PRIVATE_EXTERN</key>
				<string>NO</string>
				<key>GCC_WARN_64_TO_32_BIT_CONVERSION</key>
				<string>YES</string>
				<key>GCC_WARN_ABOUT_RETURN_TYPE</key>
				<string>YES_ERROR</string>
				<key>GCC_WARN_UNDECLARED_SELECTOR</key>
				<string>YES</string>
				<key>GCC_WARN_UNINITIALIZED_AUTOS</key>
				<string>YES</string>
				<key>GCC_WARN_UNUSED_FUNCTION</key>
				<string>YES</string>
				<key>GCC_WARN_UNUSED_VARIABLE</key>
				<string>YES</string>
				<key>IPHONEOS_DEPLOYMENT_TARGET</key>
				<string>7.0</string>
				<key>ONLY_ACTIVE_ARCH</key>
				<string>YES</string>
				<key>SDKROOT</key>
				<string>iphoneos</string>
			</dict>
			<key>isa</key>
			<string>XCBuildConfiguration</string>
			<key>name</key>
			<string>Debug</string>
		</dict>
		<key>78A9397B1847C52A00B6784B</key>
		<dict>
			<key>buildSettings</key>
			<dict>
				<key>ALWAYS_SEARCH_USER_PATHS</key>
				<string>NO</string>
				<key>ARCHS</key>
				<string>$(ARCHS_STANDARD_INCLUDING_64_BIT)</string>
				<key>CLANG_CXX_LANGUAGE_STANDARD</key>
				<string>gnu++0x</string>
				<key>CLANG_CXX_LIBRARY</key>
				<string>libc++</string>
				<key>CLANG_ENABLE_MODULES</key>
				<string>YES</string>
				<key>CLANG_ENABLE_OBJC_ARC</key>
				<string>YES</string>
				<key>CLANG_WARN_BOOL_CONVERSION</key>
				<string>YES</string>
				<key>CLANG_WARN_CONSTANT_CONVERSION</key>
				<string>YES</string>
				<key>CLANG_WARN_DIRECT_OBJC_ISA_USAGE</key>
				<string>YES_ERROR</string>
				<key>CLANG_WARN_EMPTY_BODY</key>
				<string>YES</string>
				<key>CLANG_WARN_ENUM_CONVERSION</key>
				<string>YES</string>
				<key>CLANG_WARN_INT_CONVERSION</key>
				<string>YES</string>
				<key>CLANG_WARN_OBJC_ROOT_CLASS</key>
				<string>YES_ERROR</string>
				<key>CLANG_WARN__DUPLICATE_METHOD_MATCH</key>
				<string>YES</string>
				<key>CODE_SIGN_IDENTITY[sdk=iphoneos*]</key>
				<string>iPhone Developer</string>
				<key>COPY_PHASE_STRIP</key>
				<string>YES</string>
				<key>ENABLE_NS_ASSERTIONS</key>
				<string>NO</string>
				<key>GCC_C_LANGUAGE_STANDARD</key>
				<string>gnu99</string>
				<key>GCC_WARN_64_TO_32_BIT_CONVERSION</key>
				<string>YES</string>
				<key>GCC_WARN_ABOUT_RETURN_TYPE</key>
				<string>YES_ERROR</string>
				<key>GCC_WARN_UNDECLARED_SELECTOR</key>
				<string>YES</string>
				<key>GCC_WARN_UNINITIALIZED_AUTOS</key>
				<string>YES</string>
				<key>GCC_WARN_UNUSED_FUNCTION</key>
				<string>YES</string>
				<key>GCC_WARN_UNUSED_VARIABLE</key>
				<string>YES</string>
				<key>IPHONEOS_DEPLOYMENT_TARGET</key>
				<string>7.0</string>
				<key>SDKROOT</key>
				<string>iphoneos</string>
				<key>VALIDATE_PRODUCT</key>
				<string>YES</string>
			</dict>
			<key>isa</key>
			<string>XCBuildConfiguration</string>
			<key>name</key>
			<string>Release</string>
		</dict>
		<key>78A9397C1847C52A00B6784B</key>
		<dict>
			<key>buildConfigurations</key>
			<array>
				<string>78A9397D1847C52A00B6784B</string>
				<string>78A9397E1847C52A00B6784B</string>
			</array>
			<key>defaultConfigurationIsVisible</key>
			<string>0</string>
			<key>defaultConfigurationName</key>
			<string>Release</string>
			<key>isa</key>
			<string>XCConfigurationList</string>
		</dict>
		<key>78A9397D1847C52A00B6784B</key>
		<dict>
			<key>baseConfigurationReference</key>
			<string>0EE77DE0D45A48EAAB2D173F</string>
			<key>buildSettings</key>
			<dict>
				<key>ASSETCATALOG_COMPILER_APPICON_NAME</key>
				<string>AppIcon</string>
				<key>ASSETCATALOG_COMPILER_LAUNCHIMAGE_NAME</key>
				<string>LaunchImage</string>
				<key>CODE_SIGN_IDENTITY</key>
				<string>iPhone Developer</string>
				<key>CODE_SIGN_IDENTITY[sdk=iphoneos*]</key>
				<string>iPhone Developer</string>
				<key>GCC_PRECOMPILE_PREFIX_HEADER</key>
				<string>YES</string>
				<key>GCC_PREFIX_HEADER</key>
				<string>drinks/drinks-Prefix.pch</string>
				<key>INFOPLIST_FILE</key>
				<string>drinks/drinks-Info.plist</string>
				<key>PRODUCT_NAME</key>
				<string>$(TARGET_NAME)</string>
				<key>PROVISIONING_PROFILE</key>
				<string></string>
				<key>WRAPPER_EXTENSION</key>
				<string>app</string>
			</dict>
			<key>isa</key>
			<string>XCBuildConfiguration</string>
			<key>name</key>
			<string>Debug</string>
		</dict>
		<key>78A9397E1847C52A00B6784B</key>
		<dict>
			<key>baseConfigurationReference</key>
			<string>0EE77DE0D45A48EAAB2D173F</string>
			<key>buildSettings</key>
			<dict>
				<key>ASSETCATALOG_COMPILER_APPICON_NAME</key>
				<string>AppIcon</string>
				<key>ASSETCATALOG_COMPILER_LAUNCHIMAGE_NAME</key>
				<string>LaunchImage</string>
				<key>CODE_SIGN_IDENTITY</key>
				<string>iPhone Developer</string>
				<key>CODE_SIGN_IDENTITY[sdk=iphoneos*]</key>
				<string>iPhone Developer</string>
				<key>GCC_PRECOMPILE_PREFIX_HEADER</key>
				<string>YES</string>
				<key>GCC_PREFIX_HEADER</key>
				<string>drinks/drinks-Prefix.pch</string>
				<key>INFOPLIST_FILE</key>
				<string>drinks/drinks-Info.plist</string>
				<key>PRODUCT_NAME</key>
				<string>$(TARGET_NAME)</string>
				<key>PROVISIONING_PROFILE</key>
				<string></string>
				<key>WRAPPER_EXTENSION</key>
				<string>app</string>
			</dict>
			<key>isa</key>
			<string>XCBuildConfiguration</string>
			<key>name</key>
			<string>Release</string>
		</dict>
		<key>78A9397F1847C52A00B6784B</key>
		<dict>
			<key>buildConfigurations</key>
			<array>
				<string>78A939801847C52A00B6784B</string>
				<string>78A939811847C52A00B6784B</string>
			</array>
			<key>defaultConfigurationIsVisible</key>
			<string>0</string>
			<key>defaultConfigurationName</key>
			<string>Release</string>
			<key>isa</key>
			<string>XCConfigurationList</string>
		</dict>
		<key>78A939801847C52A00B6784B</key>
		<dict>
			<key>buildSettings</key>
			<dict>
				<key>ARCHS</key>
				<string>$(ARCHS_STANDARD_INCLUDING_64_BIT)</string>
				<key>BUNDLE_LOADER</key>
				<string>$(BUILT_PRODUCTS_DIR)/drinks.app/drinks</string>
				<key>FRAMEWORK_SEARCH_PATHS</key>
				<array>
					<string>$(SDKROOT)/Developer/Library/Frameworks</string>
					<string>$(inherited)</string>
					<string>$(DEVELOPER_FRAMEWORKS_DIR)</string>
				</array>
				<key>GCC_PRECOMPILE_PREFIX_HEADER</key>
				<string>YES</string>
				<key>GCC_PREFIX_HEADER</key>
				<string>drinks/drinks-Prefix.pch</string>
				<key>GCC_PREPROCESSOR_DEFINITIONS</key>
				<array>
					<string>DEBUG=1</string>
					<string>$(inherited)</string>
				</array>
				<key>INFOPLIST_FILE</key>
				<string>drinksTests/drinksTests-Info.plist</string>
				<key>PRODUCT_NAME</key>
				<string>$(TARGET_NAME)</string>
				<key>TEST_HOST</key>
				<string>$(BUNDLE_LOADER)</string>
				<key>WRAPPER_EXTENSION</key>
				<string>xctest</string>
			</dict>
			<key>isa</key>
			<string>XCBuildConfiguration</string>
			<key>name</key>
			<string>Debug</string>
		</dict>
		<key>78A939811847C52A00B6784B</key>
		<dict>
			<key>buildSettings</key>
			<dict>
				<key>ARCHS</key>
				<string>$(ARCHS_STANDARD_INCLUDING_64_BIT)</string>
				<key>BUNDLE_LOADER</key>
				<string>$(BUILT_PRODUCTS_DIR)/drinks.app/drinks</string>
				<key>FRAMEWORK_SEARCH_PATHS</key>
				<array>
					<string>$(SDKROOT)/Developer/Library/Frameworks</string>
					<string>$(inherited)</string>
					<string>$(DEVELOPER_FRAMEWORKS_DIR)</string>
				</array>
				<key>GCC_PRECOMPILE_PREFIX_HEADER</key>
				<string>YES</string>
				<key>GCC_PREFIX_HEADER</key>
				<string>drinks/drinks-Prefix.pch</string>
				<key>INFOPLIST_FILE</key>
				<string>drinksTests/drinksTests-Info.plist</string>
				<key>PRODUCT_NAME</key>
				<string>$(TARGET_NAME)</string>
				<key>TEST_HOST</key>
				<string>$(BUNDLE_LOADER)</string>
				<key>WRAPPER_EXTENSION</key>
				<string>xctest</string>
			</dict>
			<key>isa</key>
			<string>XCBuildConfiguration</string>
			<key>name</key>
			<string>Release</string>
		</dict>
		<key>78A9398A1847CB9C00B6784B</key>
		<dict>
			<key>fileEncoding</key>
			<string>4</string>
			<key>isa</key>
			<string>PBXFileReference</string>
			<key>lastKnownFileType</key>
			<string>file.storyboard</string>
			<key>path</key>
			<string>Main.storyboard</string>
			<key>sourceTree</key>
			<string>&lt;group&gt;</string>
		</dict>
		<key>78A9398B1847CB9C00B6784B</key>
		<dict>
			<key>fileRef</key>
			<string>78A9398A1847CB9C00B6784B</string>
			<key>isa</key>
			<string>PBXBuildFile</string>
		</dict>
		<key>78A9398F1847D3F300B6784B</key>
		<dict>
			<key>fileEncoding</key>
			<string>4</string>
			<key>isa</key>
			<string>PBXFileReference</string>
			<key>lastKnownFileType</key>
			<string>sourcecode.c.h</string>
			<key>path</key>
			<string>IngredientsViewController.h</string>
			<key>sourceTree</key>
			<string>&lt;group&gt;</string>
		</dict>
		<key>78A939901847D3F300B6784B</key>
		<dict>
			<key>fileEncoding</key>
			<string>4</string>
			<key>isa</key>
			<string>PBXFileReference</string>
			<key>lastKnownFileType</key>
			<string>sourcecode.c.objc</string>
			<key>path</key>
			<string>IngredientsViewController.m</string>
			<key>sourceTree</key>
			<string>&lt;group&gt;</string>
		</dict>
		<key>78A939911847D3F300B6784B</key>
		<dict>
			<key>fileRef</key>
			<string>78A939901847D3F300B6784B</string>
			<key>isa</key>
			<string>PBXBuildFile</string>
		</dict>
		<key>78A939921847D45700B6784B</key>
		<dict>
			<key>fileEncoding</key>
			<string>4</string>
			<key>isa</key>
			<string>PBXFileReference</string>
			<key>lastKnownFileType</key>
			<string>sourcecode.c.h</string>
			<key>path</key>
			<string>MixableRecipesViewController.h</string>
			<key>sourceTree</key>
			<string>&lt;group&gt;</string>
		</dict>
		<key>78A939931847D45700B6784B</key>
		<dict>
			<key>fileEncoding</key>
			<string>4</string>
			<key>isa</key>
			<string>PBXFileReference</string>
			<key>lastKnownFileType</key>
			<string>sourcecode.c.objc</string>
			<key>path</key>
			<string>MixableRecipesViewController.m</string>
			<key>sourceTree</key>
			<string>&lt;group&gt;</string>
		</dict>
		<key>78A939941847D45700B6784B</key>
		<dict>
			<key>fileRef</key>
			<string>78A939931847D45700B6784B</string>
			<key>isa</key>
			<string>PBXBuildFile</string>
		</dict>
		<key>78A939951847D9E700B6784B</key>
		<dict>
			<key>fileEncoding</key>
			<string>4</string>
			<key>isa</key>
			<string>PBXFileReference</string>
			<key>lastKnownFileType</key>
			<string>sourcecode.c.h</string>
			<key>path</key>
			<string>IngredientItem.h</string>
			<key>sourceTree</key>
			<string>&lt;group&gt;</string>
		</dict>
		<key>78A939961847D9E700B6784B</key>
		<dict>
			<key>fileEncoding</key>
			<string>4</string>
			<key>isa</key>
			<string>PBXFileReference</string>
			<key>lastKnownFileType</key>
			<string>sourcecode.c.objc</string>
			<key>path</key>
			<string>IngredientItem.m</string>
			<key>sourceTree</key>
			<string>&lt;group&gt;</string>
		</dict>
		<key>78A939971847D9E700B6784B</key>
		<dict>
			<key>fileRef</key>
			<string>78A939961847D9E700B6784B</string>
			<key>isa</key>
			<string>PBXBuildFile</string>
		</dict>
		<key>78A939981849649700B6784B</key>
		<dict>
			<key>fileEncoding</key>
			<string>4</string>
			<key>isa</key>
			<string>PBXFileReference</string>
			<key>lastKnownFileType</key>
			<string>sourcecode.c.h</string>
			<key>path</key>
			<string>RecipeItem.h</string>
			<key>sourceTree</key>
			<string>&lt;group&gt;</string>
		</dict>
		<key>78A939991849649700B6784B</key>
		<dict>
			<key>fileEncoding</key>
			<string>4</string>
			<key>isa</key>
			<string>PBXFileReference</string>
			<key>lastKnownFileType</key>
			<string>sourcecode.c.objc</string>
			<key>path</key>
			<string>RecipeItem.m</string>
			<key>sourceTree</key>
			<string>&lt;group&gt;</string>
		</dict>
		<key>78A9399A1849649700B6784B</key>
		<dict>
			<key>fileRef</key>
			<string>78A939991849649700B6784B</string>
			<key>isa</key>
			<string>PBXBuildFile</string>
		</dict>
		<key>78ECED5B184971C100B7BD5A</key>
		<dict>
			<key>fileEncoding</key>
			<string>4</string>
			<key>isa</key>
			<string>PBXFileReference</string>
			<key>lastKnownFileType</key>
			<string>sourcecode.c.h</string>
			<key>path</key>
			<string>RecipeIndex.h</string>
			<key>sourceTree</key>
			<string>&lt;group&gt;</string>
		</dict>
		<key>78ECED5C184971C100B7BD5A</key>
		<dict>
			<key>fileEncoding</key>
			<string>4</string>
			<key>isa</key>
			<string>PBXFileReference</string>
			<key>lastKnownFileType</key>
			<string>sourcecode.c.objc</string>
			<key>path</key>
			<string>RecipeIndex.m</string>
			<key>sourceTree</key>
			<string>&lt;group&gt;</string>
		</dict>
		<key>78ECED5D184971C100B7BD5A</key>
		<dict>
			<key>fileRef</key>
			<string>78ECED5C184971C100B7BD5A</string>
			<key>isa</key>
			<string>PBXBuildFile</string>
		</dict>
		<key>78F9B6DD185EF5E00020B604</key>
		<dict>
			<key>fileEncoding</key>
			<string>4</string>
			<key>isa</key>
			<string>PBXFileReference</string>
			<key>lastKnownFileType</key>
			<string>sourcecode.c.h</string>
			<key>path</key>
			<string>SortedTableSectionManager.h</string>
			<key>sourceTree</key>
			<string>&lt;group&gt;</string>
		</dict>
		<key>78F9B6DE185EF5E00020B604</key>
		<dict>
			<key>fileEncoding</key>
			<string>4</string>
			<key>isa</key>
			<string>PBXFileReference</string>
			<key>lastKnownFileType</key>
			<string>sourcecode.c.objc</string>
			<key>path</key>
			<string>SortedTableSectionManager.m</string>
			<key>sourceTree</key>
			<string>&lt;group&gt;</string>
		</dict>
		<key>78F9B6DF185EF5E00020B604</key>
		<dict>
			<key>fileRef</key>
			<string>78F9B6DE185EF5E00020B604</string>
			<key>isa</key>
			<string>PBXBuildFile</string>
		</dict>
		<key>78F9B6E01860274E0020B604</key>
		<dict>
			<key>fileEncoding</key>
			<string>4</string>
			<key>isa</key>
			<string>PBXFileReference</string>
			<key>lastKnownFileType</key>
			<string>sourcecode.c.h</string>
			<key>path</key>
			<string>PaddedUITableViewCell.h</string>
			<key>sourceTree</key>
			<string>&lt;group&gt;</string>
		</dict>
		<key>78F9B6E11860274E0020B604</key>
		<dict>
			<key>fileEncoding</key>
			<string>4</string>
			<key>isa</key>
			<string>PBXFileReference</string>
			<key>lastKnownFileType</key>
			<string>sourcecode.c.objc</string>
			<key>path</key>
			<string>PaddedUITableViewCell.m</string>
			<key>sourceTree</key>
			<string>&lt;group&gt;</string>
		</dict>
		<key>78F9B6E21860274E0020B604</key>
		<dict>
			<key>fileRef</key>
			<string>78F9B6E11860274E0020B604</string>
			<key>isa</key>
			<string>PBXBuildFile</string>
		</dict>
		<key>78F9B6E31860275D0020B604</key>
		<dict>
			<key>children</key>
			<array>
				<string>78F9B6E01860274E0020B604</string>
				<string>78F9B6E11860274E0020B604</string>
				<string>78850C29186840AF00C76E3A</string>
			</array>
			<key>isa</key>
			<string>PBXGroup</string>
			<key>name</key>
			<string>views</string>
			<key>sourceTree</key>
			<string>&lt;group&gt;</string>
		</dict>
		<key>78F9B6E418602A4B0020B604</key>
		<dict>
			<key>isa</key>
			<string>PBXFileReference</string>
			<key>lastKnownFileType</key>
			<string>image.png</string>
			<key>path</key>
			<string>chartreuse-smash.png</string>
			<key>sourceTree</key>
			<string>&lt;group&gt;</string>
		</dict>
		<key>78F9B6E518602A4B0020B604</key>
		<dict>
			<key>fileRef</key>
			<string>78F9B6E418602A4B0020B604</string>
			<key>isa</key>
			<string>PBXBuildFile</string>
		</dict>
		<key>78F9B6E618602A660020B604</key>
		<dict>
			<key>isa</key>
			<string>PBXFileReference</string>
			<key>lastKnownFileType</key>
			<string>file</string>
			<key>path</key>
			<string>martini-glass.psd</string>
			<key>sourceTree</key>
			<string>&lt;group&gt;</string>
		</dict>
		<key>78F9B6E718602BD60020B604</key>
		<dict>
			<key>isa</key>
			<string>PBXFileReference</string>
			<key>lastKnownFileType</key>
			<string>image.png</string>
			<key>path</key>
			<string>death-in-the-afternoon.png</string>
			<key>sourceTree</key>
			<string>&lt;group&gt;</string>
		</dict>
		<key>78F9B6E818602BD60020B604</key>
		<dict>
			<key>fileRef</key>
			<string>78F9B6E718602BD60020B604</string>
			<key>isa</key>
			<string>PBXBuildFile</string>
		</dict>
		<key>78F9B6E918602C600020B604</key>
		<dict>
			<key>isa</key>
			<string>PBXFileReference</string>
			<key>lastKnownFileType</key>
			<string>image.png</string>
			<key>path</key>
			<string>revolver.png</string>
			<key>sourceTree</key>
			<string>&lt;group&gt;</string>
		</dict>
		<key>78F9B6EA18602C600020B604</key>
		<dict>
			<key>fileRef</key>
			<string>78F9B6E918602C600020B604</string>
			<key>isa</key>
			<string>PBXBuildFile</string>
		</dict>
		<key>9696579FB28F439C86300E00</key>
		<dict>
			<key>explicitFileType</key>
			<string>archive.ar</string>
			<key>includeInIndex</key>
			<string>0</string>
			<key>isa</key>
			<string>PBXFileReference</string>
			<key>path</key>
			<string>libPods.a</string>
			<key>sourceTree</key>
			<string>BUILT_PRODUCTS_DIR</string>
		</dict>
		<key>AAF943CB894045A8A866A99F</key>
		<dict>
			<key>fileRef</key>
			<string>9696579FB28F439C86300E00</string>
			<key>isa</key>
			<string>PBXBuildFile</string>
		</dict>
		<key>DAA8A9FD3A0A41C192D6984C</key>
		<dict>
			<key>buildActionMask</key>
			<string>2147483647</string>
			<key>files</key>
			<array/>
			<key>inputPaths</key>
			<array/>
			<key>isa</key>
			<string>PBXShellScriptBuildPhase</string>
			<key>name</key>
			<string>Check Pods Manifest.lock</string>
			<key>outputPaths</key>
			<array/>
			<key>runOnlyForDeploymentPostprocessing</key>
			<string>0</string>
			<key>shellPath</key>
			<string>/bin/sh</string>
			<key>shellScript</key>
			<string>diff "${PODS_ROOT}/../Podfile.lock" "${PODS_ROOT}/Manifest.lock" &gt; /dev/null
if [[ $? != 0 ]] ; then
    cat &lt;&lt; EOM
error: The sandbox is not in sync with the Podfile.lock. Run 'pod install' or update your CocoaPods installation.
EOM
    exit 1
fi
</string>
			<key>showEnvVarsInLog</key>
			<string>0</string>
		</dict>
	</dict>
	<key>rootObject</key>
	<string>78A939481847C52A00B6784B</string>
</dict>
</plist>
