// !$*UTF8*$!
{
	archiveVersion = 1;
	classes = {
	};
	objectVersion = 46;
	objects = {

/* Begin PBXBuildFile section */
		785CBBE0184992B800EB2D57 /* RecipeDetailViewController.m in Sources */ = {isa = PBXBuildFile; fileRef = 785CBBDF184992B800EB2D57 /* RecipeDetailViewController.m */; };
		785CBBE61849992000EB2D57 /* MeasuredIngredientItem.m in Sources */ = {isa = PBXBuildFile; fileRef = 785CBBE51849992000EB2D57 /* MeasuredIngredientItem.m */; };
		785CBBEB1849A96400EB2D57 /* recipes.json in Resources */ = {isa = PBXBuildFile; fileRef = 785CBBEA1849A96400EB2D57 /* recipes.json */; };
		785CBBED1849AE4400EB2D57 /* ingredients.json in Resources */ = {isa = PBXBuildFile; fileRef = 785CBBEC1849AE4400EB2D57 /* ingredients.json */; };
		785CBBF8184BF12600EB2D57 /* EmptyRecipeResultsView.xib in Resources */ = {isa = PBXBuildFile; fileRef = 785CBBF7184BF12600EB2D57 /* EmptyRecipeResultsView.xib */; };
		785CBBFE184C05C000EB2D57 /* RecipeSearchResultItem.m in Sources */ = {isa = PBXBuildFile; fileRef = 785CBBFD184C05C000EB2D57 /* RecipeSearchResultItem.m */; };
		785CBC0D184C377D00EB2D57 /* todo in Resources */ = {isa = PBXBuildFile; fileRef = 785CBC0C184C377D00EB2D57 /* todo */; };
		785CBC10184C38AC00EB2D57 /* BrowseAllRecipesViewController.m in Sources */ = {isa = PBXBuildFile; fileRef = 785CBC0F184C38AC00EB2D57 /* BrowseAllRecipesViewController.m */; };
		785CBC12184C4E9C00EB2D57 /* README.md in Resources */ = {isa = PBXBuildFile; fileRef = 785CBC11184C4E9C00EB2D57 /* README.md */; };
		789044A218556CBF00A39B3C /* UIButtonBarArrowDown.png in Resources */ = {isa = PBXBuildFile; fileRef = 7890449E18556CBF00A39B3C /* UIButtonBarArrowDown.png */; };
		789044A318556CBF00A39B3C /* UIButtonBarArrowDown@2x.png in Resources */ = {isa = PBXBuildFile; fileRef = 7890449F18556CBF00A39B3C /* UIButtonBarArrowDown@2x.png */; };
		789044A418556CBF00A39B3C /* UIButtonBarArrowUp.png in Resources */ = {isa = PBXBuildFile; fileRef = 789044A018556CBF00A39B3C /* UIButtonBarArrowUp.png */; };
		789044A518556CBF00A39B3C /* UIButtonBarArrowUp@2x.png in Resources */ = {isa = PBXBuildFile; fileRef = 789044A118556CBF00A39B3C /* UIButtonBarArrowUp@2x.png */; };
		78A939541847C52A00B6784B /* Foundation.framework in Frameworks */ = {isa = PBXBuildFile; fileRef = 78A939531847C52A00B6784B /* Foundation.framework */; };
		78A939561847C52A00B6784B /* CoreGraphics.framework in Frameworks */ = {isa = PBXBuildFile; fileRef = 78A939551847C52A00B6784B /* CoreGraphics.framework */; };
		78A939581847C52A00B6784B /* UIKit.framework in Frameworks */ = {isa = PBXBuildFile; fileRef = 78A939571847C52A00B6784B /* UIKit.framework */; };
		78A9395E1847C52A00B6784B /* InfoPlist.strings in Resources */ = {isa = PBXBuildFile; fileRef = 78A9395C1847C52A00B6784B /* InfoPlist.strings */; };
		78A939601847C52A00B6784B /* main.m in Sources */ = {isa = PBXBuildFile; fileRef = 78A9395F1847C52A00B6784B /* main.m */; };
		78A939641847C52A00B6784B /* AppDelegate.m in Sources */ = {isa = PBXBuildFile; fileRef = 78A939631847C52A00B6784B /* AppDelegate.m */; };
		78A939661847C52A00B6784B /* Images.xcassets in Resources */ = {isa = PBXBuildFile; fileRef = 78A939651847C52A00B6784B /* Images.xcassets */; };
		78A9396D1847C52A00B6784B /* XCTest.framework in Frameworks */ = {isa = PBXBuildFile; fileRef = 78A9396C1847C52A00B6784B /* XCTest.framework */; };
		78A9396E1847C52A00B6784B /* Foundation.framework in Frameworks */ = {isa = PBXBuildFile; fileRef = 78A939531847C52A00B6784B /* Foundation.framework */; };
		78A9396F1847C52A00B6784B /* UIKit.framework in Frameworks */ = {isa = PBXBuildFile; fileRef = 78A939571847C52A00B6784B /* UIKit.framework */; };
		78A939771847C52A00B6784B /* InfoPlist.strings in Resources */ = {isa = PBXBuildFile; fileRef = 78A939751847C52A00B6784B /* InfoPlist.strings */; };
		78A939791847C52A00B6784B /* drinksTests.m in Sources */ = {isa = PBXBuildFile; fileRef = 78A939781847C52A00B6784B /* drinksTests.m */; };
		78A9398B1847CB9C00B6784B /* Main.storyboard in Resources */ = {isa = PBXBuildFile; fileRef = 78A9398A1847CB9C00B6784B /* Main.storyboard */; };
		78A939911847D3F300B6784B /* IngredientsViewController.m in Sources */ = {isa = PBXBuildFile; fileRef = 78A939901847D3F300B6784B /* IngredientsViewController.m */; };
		78A939941847D45700B6784B /* MixableRecipesViewController.m in Sources */ = {isa = PBXBuildFile; fileRef = 78A939931847D45700B6784B /* MixableRecipesViewController.m */; };
		78A939971847D9E700B6784B /* IngredientItem.m in Sources */ = {isa = PBXBuildFile; fileRef = 78A939961847D9E700B6784B /* IngredientItem.m */; };
		78A9399A1849649700B6784B /* RecipeItem.m in Sources */ = {isa = PBXBuildFile; fileRef = 78A939991849649700B6784B /* RecipeItem.m */; };
		78ECED5D184971C100B7BD5A /* RecipeIndex.m in Sources */ = {isa = PBXBuildFile; fileRef = 78ECED5C184971C100B7BD5A /* RecipeIndex.m */; };
/* End PBXBuildFile section */

/* Begin PBXContainerItemProxy section */
		78A939701847C52A00B6784B /* PBXContainerItemProxy */ = {
			isa = PBXContainerItemProxy;
			containerPortal = 78A939481847C52A00B6784B /* Project object */;
			proxyType = 1;
			remoteGlobalIDString = 78A9394F1847C52A00B6784B;
			remoteInfo = drinks;
		};
/* End PBXContainerItemProxy section */

/* Begin PBXFileReference section */
		785CBBDE184992B800EB2D57 /* RecipeDetailViewController.h */ = {isa = PBXFileReference; fileEncoding = 4; lastKnownFileType = sourcecode.c.h; path = RecipeDetailViewController.h; sourceTree = "<group>"; };
		785CBBDF184992B800EB2D57 /* RecipeDetailViewController.m */ = {isa = PBXFileReference; fileEncoding = 4; lastKnownFileType = sourcecode.c.objc; path = RecipeDetailViewController.m; sourceTree = "<group>"; };
		785CBBE41849992000EB2D57 /* MeasuredIngredientItem.h */ = {isa = PBXFileReference; fileEncoding = 4; lastKnownFileType = sourcecode.c.h; path = MeasuredIngredientItem.h; sourceTree = "<group>"; };
		785CBBE51849992000EB2D57 /* MeasuredIngredientItem.m */ = {isa = PBXFileReference; fileEncoding = 4; lastKnownFileType = sourcecode.c.objc; path = MeasuredIngredientItem.m; sourceTree = "<group>"; };
		785CBBEA1849A96400EB2D57 /* recipes.json */ = {isa = PBXFileReference; fileEncoding = 4; lastKnownFileType = text.json; path = recipes.json; sourceTree = "<group>"; };
		785CBBEC1849AE4400EB2D57 /* ingredients.json */ = {isa = PBXFileReference; fileEncoding = 4; lastKnownFileType = text.json; name = ingredients.json; path = ../ingredients.json; sourceTree = "<group>"; };
		785CBBF7184BF12600EB2D57 /* EmptyRecipeResultsView.xib */ = {isa = PBXFileReference; fileEncoding = 4; lastKnownFileType = file.xib; path = EmptyRecipeResultsView.xib; sourceTree = "<group>"; };
		785CBBFC184C05C000EB2D57 /* RecipeSearchResultItem.h */ = {isa = PBXFileReference; fileEncoding = 4; lastKnownFileType = sourcecode.c.h; path = RecipeSearchResultItem.h; sourceTree = "<group>"; };
		785CBBFD184C05C000EB2D57 /* RecipeSearchResultItem.m */ = {isa = PBXFileReference; fileEncoding = 4; lastKnownFileType = sourcecode.c.objc; path = RecipeSearchResultItem.m; sourceTree = "<group>"; };
		785CBC0C184C377D00EB2D57 /* todo */ = {isa = PBXFileReference; fileEncoding = 4; lastKnownFileType = text; path = todo; sourceTree = "<group>"; };
		785CBC0E184C38AC00EB2D57 /* BrowseAllRecipesViewController.h */ = {isa = PBXFileReference; fileEncoding = 4; lastKnownFileType = sourcecode.c.h; path = BrowseAllRecipesViewController.h; sourceTree = "<group>"; };
		785CBC0F184C38AC00EB2D57 /* BrowseAllRecipesViewController.m */ = {isa = PBXFileReference; fileEncoding = 4; lastKnownFileType = sourcecode.c.objc; path = BrowseAllRecipesViewController.m; sourceTree = "<group>"; };
		785CBC11184C4E9C00EB2D57 /* README.md */ = {isa = PBXFileReference; fileEncoding = 4; lastKnownFileType = text; path = README.md; sourceTree = "<group>"; };
		7890449E18556CBF00A39B3C /* UIButtonBarArrowDown.png */ = {isa = PBXFileReference; lastKnownFileType = image.png; path = UIButtonBarArrowDown.png; sourceTree = "<group>"; };
		7890449F18556CBF00A39B3C /* UIButtonBarArrowDown@2x.png */ = {isa = PBXFileReference; lastKnownFileType = image.png; path = "UIButtonBarArrowDown@2x.png"; sourceTree = "<group>"; };
		789044A018556CBF00A39B3C /* UIButtonBarArrowUp.png */ = {isa = PBXFileReference; lastKnownFileType = image.png; path = UIButtonBarArrowUp.png; sourceTree = "<group>"; };
		789044A118556CBF00A39B3C /* UIButtonBarArrowUp@2x.png */ = {isa = PBXFileReference; lastKnownFileType = image.png; path = "UIButtonBarArrowUp@2x.png"; sourceTree = "<group>"; };
		78A939501847C52A00B6784B /* drinks.app */ = {isa = PBXFileReference; explicitFileType = wrapper.application; includeInIndex = 0; path = drinks.app; sourceTree = BUILT_PRODUCTS_DIR; };
		78A939531847C52A00B6784B /* Foundation.framework */ = {isa = PBXFileReference; lastKnownFileType = wrapper.framework; name = Foundation.framework; path = System/Library/Frameworks/Foundation.framework; sourceTree = SDKROOT; };
		78A939551847C52A00B6784B /* CoreGraphics.framework */ = {isa = PBXFileReference; lastKnownFileType = wrapper.framework; name = CoreGraphics.framework; path = System/Library/Frameworks/CoreGraphics.framework; sourceTree = SDKROOT; };
		78A939571847C52A00B6784B /* UIKit.framework */ = {isa = PBXFileReference; lastKnownFileType = wrapper.framework; name = UIKit.framework; path = System/Library/Frameworks/UIKit.framework; sourceTree = SDKROOT; };
		78A9395B1847C52A00B6784B /* drinks-Info.plist */ = {isa = PBXFileReference; lastKnownFileType = text.plist.xml; path = "drinks-Info.plist"; sourceTree = "<group>"; };
		78A9395D1847C52A00B6784B /* en */ = {isa = PBXFileReference; lastKnownFileType = text.plist.strings; name = en; path = en.lproj/InfoPlist.strings; sourceTree = "<group>"; };
		78A9395F1847C52A00B6784B /* main.m */ = {isa = PBXFileReference; lastKnownFileType = sourcecode.c.objc; path = main.m; sourceTree = "<group>"; };
		78A939611847C52A00B6784B /* drinks-Prefix.pch */ = {isa = PBXFileReference; lastKnownFileType = sourcecode.c.h; path = "drinks-Prefix.pch"; sourceTree = "<group>"; };
		78A939621847C52A00B6784B /* AppDelegate.h */ = {isa = PBXFileReference; lastKnownFileType = sourcecode.c.h; path = AppDelegate.h; sourceTree = "<group>"; };
		78A939631847C52A00B6784B /* AppDelegate.m */ = {isa = PBXFileReference; lastKnownFileType = sourcecode.c.objc; path = AppDelegate.m; sourceTree = "<group>"; };
		78A939651847C52A00B6784B /* Images.xcassets */ = {isa = PBXFileReference; lastKnownFileType = folder.assetcatalog; path = Images.xcassets; sourceTree = "<group>"; };
		78A9396B1847C52A00B6784B /* drinksTests.xctest */ = {isa = PBXFileReference; explicitFileType = wrapper.cfbundle; includeInIndex = 0; path = drinksTests.xctest; sourceTree = BUILT_PRODUCTS_DIR; };
		78A9396C1847C52A00B6784B /* XCTest.framework */ = {isa = PBXFileReference; lastKnownFileType = wrapper.framework; name = XCTest.framework; path = Library/Frameworks/XCTest.framework; sourceTree = DEVELOPER_DIR; };
		78A939741847C52A00B6784B /* drinksTests-Info.plist */ = {isa = PBXFileReference; lastKnownFileType = text.plist.xml; path = "drinksTests-Info.plist"; sourceTree = "<group>"; };
		78A939761847C52A00B6784B /* en */ = {isa = PBXFileReference; lastKnownFileType = text.plist.strings; name = en; path = en.lproj/InfoPlist.strings; sourceTree = "<group>"; };
		78A939781847C52A00B6784B /* drinksTests.m */ = {isa = PBXFileReference; lastKnownFileType = sourcecode.c.objc; path = drinksTests.m; sourceTree = "<group>"; };
		78A9398A1847CB9C00B6784B /* Main.storyboard */ = {isa = PBXFileReference; fileEncoding = 4; lastKnownFileType = file.storyboard; path = Main.storyboard; sourceTree = "<group>"; };
		78A9398F1847D3F300B6784B /* IngredientsViewController.h */ = {isa = PBXFileReference; fileEncoding = 4; lastKnownFileType = sourcecode.c.h; path = IngredientsViewController.h; sourceTree = "<group>"; };
		78A939901847D3F300B6784B /* IngredientsViewController.m */ = {isa = PBXFileReference; fileEncoding = 4; lastKnownFileType = sourcecode.c.objc; path = IngredientsViewController.m; sourceTree = "<group>"; };
		78A939921847D45700B6784B /* MixableRecipesViewController.h */ = {isa = PBXFileReference; fileEncoding = 4; lastKnownFileType = sourcecode.c.h; path = MixableRecipesViewController.h; sourceTree = "<group>"; };
		78A939931847D45700B6784B /* MixableRecipesViewController.m */ = {isa = PBXFileReference; fileEncoding = 4; lastKnownFileType = sourcecode.c.objc; path = MixableRecipesViewController.m; sourceTree = "<group>"; };
		78A939951847D9E700B6784B /* IngredientItem.h */ = {isa = PBXFileReference; fileEncoding = 4; lastKnownFileType = sourcecode.c.h; path = IngredientItem.h; sourceTree = "<group>"; };
		78A939961847D9E700B6784B /* IngredientItem.m */ = {isa = PBXFileReference; fileEncoding = 4; lastKnownFileType = sourcecode.c.objc; path = IngredientItem.m; sourceTree = "<group>"; };
		78A939981849649700B6784B /* RecipeItem.h */ = {isa = PBXFileReference; fileEncoding = 4; lastKnownFileType = sourcecode.c.h; path = RecipeItem.h; sourceTree = "<group>"; };
		78A939991849649700B6784B /* RecipeItem.m */ = {isa = PBXFileReference; fileEncoding = 4; lastKnownFileType = sourcecode.c.objc; path = RecipeItem.m; sourceTree = "<group>"; };
		78ECED5B184971C100B7BD5A /* RecipeIndex.h */ = {isa = PBXFileReference; fileEncoding = 4; lastKnownFileType = sourcecode.c.h; path = RecipeIndex.h; sourceTree = "<group>"; };
		78ECED5C184971C100B7BD5A /* RecipeIndex.m */ = {isa = PBXFileReference; fileEncoding = 4; lastKnownFileType = sourcecode.c.objc; path = RecipeIndex.m; sourceTree = "<group>"; };
/* End PBXFileReference section */

/* Begin PBXFrameworksBuildPhase section */
		78A9394D1847C52A00B6784B /* Frameworks */ = {
			isa = PBXFrameworksBuildPhase;
			buildActionMask = 2147483647;
			files = (
				78A939561847C52A00B6784B /* CoreGraphics.framework in Frameworks */,
				78A939581847C52A00B6784B /* UIKit.framework in Frameworks */,
				78A939541847C52A00B6784B /* Foundation.framework in Frameworks */,
			);
			runOnlyForDeploymentPostprocessing = 0;
		};
		78A939681847C52A00B6784B /* Frameworks */ = {
			isa = PBXFrameworksBuildPhase;
			buildActionMask = 2147483647;
			files = (
				78A9396D1847C52A00B6784B /* XCTest.framework in Frameworks */,
				78A9396F1847C52A00B6784B /* UIKit.framework in Frameworks */,
				78A9396E1847C52A00B6784B /* Foundation.framework in Frameworks */,
			);
			runOnlyForDeploymentPostprocessing = 0;
		};
/* End PBXFrameworksBuildPhase section */

/* Begin PBXGroup section */
		785CBBEE184A71F400EB2D57 /* models */ = {
			isa = PBXGroup;
			children = (
				78A939951847D9E700B6784B /* IngredientItem.h */,
				78A939961847D9E700B6784B /* IngredientItem.m */,
				785CBBE41849992000EB2D57 /* MeasuredIngredientItem.h */,
				785CBBE51849992000EB2D57 /* MeasuredIngredientItem.m */,
				78A939981849649700B6784B /* RecipeItem.h */,
				78A939991849649700B6784B /* RecipeItem.m */,
				785CBBFC184C05C000EB2D57 /* RecipeSearchResultItem.h */,
				785CBBFD184C05C000EB2D57 /* RecipeSearchResultItem.m */,
			);
			name = models;
			sourceTree = "<group>";
		};
		785CBBEF184A720600EB2D57 /* controllers */ = {
			isa = PBXGroup;
			children = (
				78A9398F1847D3F300B6784B /* IngredientsViewController.h */,
				78A939901847D3F300B6784B /* IngredientsViewController.m */,
				78A939921847D45700B6784B /* MixableRecipesViewController.h */,
				78A939931847D45700B6784B /* MixableRecipesViewController.m */,
				785CBC0E184C38AC00EB2D57 /* BrowseAllRecipesViewController.h */,
				785CBC0F184C38AC00EB2D57 /* BrowseAllRecipesViewController.m */,
				785CBBDE184992B800EB2D57 /* RecipeDetailViewController.h */,
				785CBBDF184992B800EB2D57 /* RecipeDetailViewController.m */,
			);
			name = controllers;
			sourceTree = "<group>";
		};
		785CBBF0184A720F00EB2D57 /* search */ = {
			isa = PBXGroup;
			children = (
				78ECED5B184971C100B7BD5A /* RecipeIndex.h */,
				78ECED5C184971C100B7BD5A /* RecipeIndex.m */,
			);
			name = search;
			sourceTree = "<group>";
		};
		789044A618556CC400A39B3C /* images */ = {
			isa = PBXGroup;
			children = (
				7890449E18556CBF00A39B3C /* UIButtonBarArrowDown.png */,
				7890449F18556CBF00A39B3C /* UIButtonBarArrowDown@2x.png */,
				789044A018556CBF00A39B3C /* UIButtonBarArrowUp.png */,
				789044A118556CBF00A39B3C /* UIButtonBarArrowUp@2x.png */,
			);
			name = images;
			path = drinks;
			sourceTree = "<group>";
		};
		78A939471847C52A00B6784B = {
			isa = PBXGroup;
			children = (
				785CBC0C184C377D00EB2D57 /* todo */,
				785CBC11184C4E9C00EB2D57 /* README.md */,
				78A9398A1847CB9C00B6784B /* Main.storyboard */,
				785CBBF7184BF12600EB2D57 /* EmptyRecipeResultsView.xib */,
				785CBBEE184A71F400EB2D57 /* models */,
				785CBBEF184A720600EB2D57 /* controllers */,
				785CBBF0184A720F00EB2D57 /* search */,
				78A939591847C52A00B6784B /* drinks */,
				789044A618556CC400A39B3C /* images */,
				78A939721847C52A00B6784B /* drinksTests */,
				78A939521847C52A00B6784B /* Frameworks */,
				78A939511847C52A00B6784B /* Products */,
			);
			sourceTree = "<group>";
		};
		78A939511847C52A00B6784B /* Products */ = {
			isa = PBXGroup;
			children = (
				78A939501847C52A00B6784B /* drinks.app */,
				78A9396B1847C52A00B6784B /* drinksTests.xctest */,
			);
			name = Products;
			sourceTree = "<group>";
		};
		78A939521847C52A00B6784B /* Frameworks */ = {
			isa = PBXGroup;
			children = (
				78A939531847C52A00B6784B /* Foundation.framework */,
				78A939551847C52A00B6784B /* CoreGraphics.framework */,
				78A939571847C52A00B6784B /* UIKit.framework */,
				78A9396C1847C52A00B6784B /* XCTest.framework */,
			);
			name = Frameworks;
			sourceTree = "<group>";
		};
		78A939591847C52A00B6784B /* drinks */ = {
			isa = PBXGroup;
			children = (
				78A939621847C52A00B6784B /* AppDelegate.h */,
				78A939631847C52A00B6784B /* AppDelegate.m */,
				78A939651847C52A00B6784B /* Images.xcassets */,
				78A9395A1847C52A00B6784B /* Supporting Files */,
			);
			path = drinks;
			sourceTree = "<group>";
		};
		78A9395A1847C52A00B6784B /* Supporting Files */ = {
			isa = PBXGroup;
			children = (
				785CBBEC1849AE4400EB2D57 /* ingredients.json */,
				785CBBEA1849A96400EB2D57 /* recipes.json */,
				78A9395B1847C52A00B6784B /* drinks-Info.plist */,
				78A9395C1847C52A00B6784B /* InfoPlist.strings */,
				78A9395F1847C52A00B6784B /* main.m */,
				78A939611847C52A00B6784B /* drinks-Prefix.pch */,
			);
			name = "Supporting Files";
			sourceTree = "<group>";
		};
		78A939721847C52A00B6784B /* drinksTests */ = {
			isa = PBXGroup;
			children = (
				78A939781847C52A00B6784B /* drinksTests.m */,
				78A939731847C52A00B6784B /* Supporting Files */,
			);
			path = drinksTests;
			sourceTree = "<group>";
		};
		78A939731847C52A00B6784B /* Supporting Files */ = {
			isa = PBXGroup;
			children = (
				78A939741847C52A00B6784B /* drinksTests-Info.plist */,
				78A939751847C52A00B6784B /* InfoPlist.strings */,
			);
			name = "Supporting Files";
			sourceTree = "<group>";
		};
/* End PBXGroup section */

/* Begin PBXNativeTarget section */
		78A9394F1847C52A00B6784B /* drinks */ = {
			isa = PBXNativeTarget;
			buildConfigurationList = 78A9397C1847C52A00B6784B /* Build configuration list for PBXNativeTarget "drinks" */;
			buildPhases = (
				78A9394C1847C52A00B6784B /* Sources */,
				78A9394D1847C52A00B6784B /* Frameworks */,
				78A9394E1847C52A00B6784B /* Resources */,
			);
			buildRules = (
			);
			dependencies = (
			);
			name = drinks;
			productName = drinks;
			productReference = 78A939501847C52A00B6784B /* drinks.app */;
			productType = "com.apple.product-type.application";
		};
		78A9396A1847C52A00B6784B /* drinksTests */ = {
			isa = PBXNativeTarget;
			buildConfigurationList = 78A9397F1847C52A00B6784B /* Build configuration list for PBXNativeTarget "drinksTests" */;
			buildPhases = (
				78A939671847C52A00B6784B /* Sources */,
				78A939681847C52A00B6784B /* Frameworks */,
				78A939691847C52A00B6784B /* Resources */,
			);
			buildRules = (
			);
			dependencies = (
				78A939711847C52A00B6784B /* PBXTargetDependency */,
			);
			name = drinksTests;
			productName = drinksTests;
			productReference = 78A9396B1847C52A00B6784B /* drinksTests.xctest */;
			productType = "com.apple.product-type.bundle.unit-test";
		};
/* End PBXNativeTarget section */

/* Begin PBXProject section */
		78A939481847C52A00B6784B /* Project object */ = {
			isa = PBXProject;
			attributes = {
				LastUpgradeCheck = 0500;
				ORGANIZATIONNAME = "Sean Kelley";
				TargetAttributes = {
					78A9396A1847C52A00B6784B = {
						TestTargetID = 78A9394F1847C52A00B6784B;
					};
				};
			};
			buildConfigurationList = 78A9394B1847C52A00B6784B /* Build configuration list for PBXProject "drinks" */;
			compatibilityVersion = "Xcode 3.2";
			developmentRegion = English;
			hasScannedForEncodings = 0;
			knownRegions = (
				en,
			);
			mainGroup = 78A939471847C52A00B6784B;
			productRefGroup = 78A939511847C52A00B6784B /* Products */;
			projectDirPath = "";
			projectRoot = "";
			targets = (
				78A9394F1847C52A00B6784B /* drinks */,
				78A9396A1847C52A00B6784B /* drinksTests */,
			);
		};
/* End PBXProject section */

/* Begin PBXResourcesBuildPhase section */
		78A9394E1847C52A00B6784B /* Resources */ = {
			isa = PBXResourcesBuildPhase;
			buildActionMask = 2147483647;
			files = (
				789044A418556CBF00A39B3C /* UIButtonBarArrowUp.png in Resources */,
				785CBC0D184C377D00EB2D57 /* todo in Resources */,
				78A9398B1847CB9C00B6784B /* Main.storyboard in Resources */,
				785CBBF8184BF12600EB2D57 /* EmptyRecipeResultsView.xib in Resources */,
				789044A218556CBF00A39B3C /* UIButtonBarArrowDown.png in Resources */,
				78A9395E1847C52A00B6784B /* InfoPlist.strings in Resources */,
				789044A318556CBF00A39B3C /* UIButtonBarArrowDown@2x.png in Resources */,
				78A939661847C52A00B6784B /* Images.xcassets in Resources */,
				785CBBED1849AE4400EB2D57 /* ingredients.json in Resources */,
				785CBC12184C4E9C00EB2D57 /* README.md in Resources */,
				789044A518556CBF00A39B3C /* UIButtonBarArrowUp@2x.png in Resources */,
				785CBBEB1849A96400EB2D57 /* recipes.json in Resources */,
			);
			runOnlyForDeploymentPostprocessing = 0;
		};
		78A939691847C52A00B6784B /* Resources */ = {
			isa = PBXResourcesBuildPhase;
			buildActionMask = 2147483647;
			files = (
				78A939771847C52A00B6784B /* InfoPlist.strings in Resources */,
			);
			runOnlyForDeploymentPostprocessing = 0;
		};
/* End PBXResourcesBuildPhase section */

/* Begin PBXSourcesBuildPhase section */
		78A9394C1847C52A00B6784B /* Sources */ = {
			isa = PBXSourcesBuildPhase;
			buildActionMask = 2147483647;
			files = (
				785CBC10184C38AC00EB2D57 /* BrowseAllRecipesViewController.m in Sources */,
				78A939941847D45700B6784B /* MixableRecipesViewController.m in Sources */,
				785CBBE0184992B800EB2D57 /* RecipeDetailViewController.m in Sources */,
				78A939641847C52A00B6784B /* AppDelegate.m in Sources */,
				78A939911847D3F300B6784B /* IngredientsViewController.m in Sources */,
				78A939971847D9E700B6784B /* IngredientItem.m in Sources */,
				785CBBE61849992000EB2D57 /* MeasuredIngredientItem.m in Sources */,
				78ECED5D184971C100B7BD5A /* RecipeIndex.m in Sources */,
				785CBBFE184C05C000EB2D57 /* RecipeSearchResultItem.m in Sources */,
				78A9399A1849649700B6784B /* RecipeItem.m in Sources */,
				78A939601847C52A00B6784B /* main.m in Sources */,
			);
			runOnlyForDeploymentPostprocessing = 0;
		};
		78A939671847C52A00B6784B /* Sources */ = {
			isa = PBXSourcesBuildPhase;
			buildActionMask = 2147483647;
			files = (
				78A939791847C52A00B6784B /* drinksTests.m in Sources */,
			);
			runOnlyForDeploymentPostprocessing = 0;
		};
/* End PBXSourcesBuildPhase section */

/* Begin PBXTargetDependency section */
		78A939711847C52A00B6784B /* PBXTargetDependency */ = {
			isa = PBXTargetDependency;
			target = 78A9394F1847C52A00B6784B /* drinks */;
			targetProxy = 78A939701847C52A00B6784B /* PBXContainerItemProxy */;
		};
/* End PBXTargetDependency section */

/* Begin PBXVariantGroup section */
		78A9395C1847C52A00B6784B /* InfoPlist.strings */ = {
			isa = PBXVariantGroup;
			children = (
				78A9395D1847C52A00B6784B /* en */,
			);
			name = InfoPlist.strings;
			sourceTree = "<group>";
		};
		78A939751847C52A00B6784B /* InfoPlist.strings */ = {
			isa = PBXVariantGroup;
			children = (
				78A939761847C52A00B6784B /* en */,
			);
			name = InfoPlist.strings;
			sourceTree = "<group>";
		};
/* End PBXVariantGroup section */

/* Begin XCBuildConfiguration section */
		78A9397A1847C52A00B6784B /* Debug */ = {
			isa = XCBuildConfiguration;
			buildSettings = {
				ALWAYS_SEARCH_USER_PATHS = NO;
				ARCHS = "$(ARCHS_STANDARD_INCLUDING_64_BIT)";
				CLANG_CXX_LANGUAGE_STANDARD = "gnu++0x";
				CLANG_CXX_LIBRARY = "libc++";
				CLANG_ENABLE_MODULES = YES;
				CLANG_ENABLE_OBJC_ARC = YES;
				CLANG_WARN_BOOL_CONVERSION = YES;
				CLANG_WARN_CONSTANT_CONVERSION = YES;
				CLANG_WARN_DIRECT_OBJC_ISA_USAGE = YES_ERROR;
				CLANG_WARN_EMPTY_BODY = YES;
				CLANG_WARN_ENUM_CONVERSION = YES;
				CLANG_WARN_INT_CONVERSION = YES;
				CLANG_WARN_OBJC_ROOT_CLASS = YES_ERROR;
				CLANG_WARN__DUPLICATE_METHOD_MATCH = YES;
				"CODE_SIGN_IDENTITY[sdk=iphoneos*]" = "iPhone Developer";
				COPY_PHASE_STRIP = NO;
				GCC_C_LANGUAGE_STANDARD = gnu99;
				GCC_DYNAMIC_NO_PIC = NO;
				GCC_OPTIMIZATION_LEVEL = 0;
				GCC_PREPROCESSOR_DEFINITIONS = (
					"DEBUG=1",
					"$(inherited)",
				);
				GCC_SYMBOLS_PRIVATE_EXTERN = NO;
				GCC_WARN_64_TO_32_BIT_CONVERSION = YES;
				GCC_WARN_ABOUT_RETURN_TYPE = YES_ERROR;
				GCC_WARN_UNDECLARED_SELECTOR = YES;
				GCC_WARN_UNINITIALIZED_AUTOS = YES;
				GCC_WARN_UNUSED_FUNCTION = YES;
				GCC_WARN_UNUSED_VARIABLE = YES;
				IPHONEOS_DEPLOYMENT_TARGET = 7.0;
				ONLY_ACTIVE_ARCH = YES;
				SDKROOT = iphoneos;
			};
			name = Debug;
		};
		78A9397B1847C52A00B6784B /* Release */ = {
			isa = XCBuildConfiguration;
			buildSettings = {
				ALWAYS_SEARCH_USER_PATHS = NO;
				ARCHS = "$(ARCHS_STANDARD_INCLUDING_64_BIT)";
				CLANG_CXX_LANGUAGE_STANDARD = "gnu++0x";
				CLANG_CXX_LIBRARY = "libc++";
				CLANG_ENABLE_MODULES = YES;
				CLANG_ENABLE_OBJC_ARC = YES;
				CLANG_WARN_BOOL_CONVERSION = YES;
				CLANG_WARN_CONSTANT_CONVERSION = YES;
				CLANG_WARN_DIRECT_OBJC_ISA_USAGE = YES_ERROR;
				CLANG_WARN_EMPTY_BODY = YES;
				CLANG_WARN_ENUM_CONVERSION = YES;
				CLANG_WARN_INT_CONVERSION = YES;
				CLANG_WARN_OBJC_ROOT_CLASS = YES_ERROR;
				CLANG_WARN__DUPLICATE_METHOD_MATCH = YES;
				"CODE_SIGN_IDENTITY[sdk=iphoneos*]" = "iPhone Developer";
				COPY_PHASE_STRIP = YES;
				ENABLE_NS_ASSERTIONS = NO;
				GCC_C_LANGUAGE_STANDARD = gnu99;
				GCC_WARN_64_TO_32_BIT_CONVERSION = YES;
				GCC_WARN_ABOUT_RETURN_TYPE = YES_ERROR;
				GCC_WARN_UNDECLARED_SELECTOR = YES;
				GCC_WARN_UNINITIALIZED_AUTOS = YES;
				GCC_WARN_UNUSED_FUNCTION = YES;
				GCC_WARN_UNUSED_VARIABLE = YES;
				IPHONEOS_DEPLOYMENT_TARGET = 7.0;
				SDKROOT = iphoneos;
				VALIDATE_PRODUCT = YES;
			};
			name = Release;
		};
		78A9397D1847C52A00B6784B /* Debug */ = {
			isa = XCBuildConfiguration;
			buildSettings = {
				ASSETCATALOG_COMPILER_APPICON_NAME = AppIcon;
				ASSETCATALOG_COMPILER_LAUNCHIMAGE_NAME = LaunchImage;
				GCC_PRECOMPILE_PREFIX_HEADER = YES;
				GCC_PREFIX_HEADER = "drinks/drinks-Prefix.pch";
				INFOPLIST_FILE = "drinks/drinks-Info.plist";
				PRODUCT_NAME = "$(TARGET_NAME)";
				WRAPPER_EXTENSION = app;
			};
			name = Debug;
		};
		78A9397E1847C52A00B6784B /* Release */ = {
			isa = XCBuildConfiguration;
			buildSettings = {
				ASSETCATALOG_COMPILER_APPICON_NAME = AppIcon;
				ASSETCATALOG_COMPILER_LAUNCHIMAGE_NAME = LaunchImage;
				GCC_PRECOMPILE_PREFIX_HEADER = YES;
				GCC_PREFIX_HEADER = "drinks/drinks-Prefix.pch";
				INFOPLIST_FILE = "drinks/drinks-Info.plist";
				PRODUCT_NAME = "$(TARGET_NAME)";
				WRAPPER_EXTENSION = app;
			};
			name = Release;
		};
		78A939801847C52A00B6784B /* Debug */ = {
			isa = XCBuildConfiguration;
			buildSettings = {
				ARCHS = "$(ARCHS_STANDARD_INCLUDING_64_BIT)";
				BUNDLE_LOADER = "$(BUILT_PRODUCTS_DIR)/drinks.app/drinks";
				FRAMEWORK_SEARCH_PATHS = (
					"$(SDKROOT)/Developer/Library/Frameworks",
					"$(inherited)",
					"$(DEVELOPER_FRAMEWORKS_DIR)",
				);
				GCC_PRECOMPILE_PREFIX_HEADER = YES;
				GCC_PREFIX_HEADER = "drinks/drinks-Prefix.pch";
				GCC_PREPROCESSOR_DEFINITIONS = (
					"DEBUG=1",
					"$(inherited)",
				);
				INFOPLIST_FILE = "drinksTests/drinksTests-Info.plist";
				PRODUCT_NAME = "$(TARGET_NAME)";
				TEST_HOST = "$(BUNDLE_LOADER)";
				WRAPPER_EXTENSION = xctest;
			};
			name = Debug;
		};
		78A939811847C52A00B6784B /* Release */ = {
			isa = XCBuildConfiguration;
			buildSettings = {
				ARCHS = "$(ARCHS_STANDARD_INCLUDING_64_BIT)";
				BUNDLE_LOADER = "$(BUILT_PRODUCTS_DIR)/drinks.app/drinks";
				FRAMEWORK_SEARCH_PATHS = (
					"$(SDKROOT)/Developer/Library/Frameworks",
					"$(inherited)",
					"$(DEVELOPER_FRAMEWORKS_DIR)",
				);
				GCC_PRECOMPILE_PREFIX_HEADER = YES;
				GCC_PREFIX_HEADER = "drinks/drinks-Prefix.pch";
				INFOPLIST_FILE = "drinksTests/drinksTests-Info.plist";
				PRODUCT_NAME = "$(TARGET_NAME)";
				TEST_HOST = "$(BUNDLE_LOADER)";
				WRAPPER_EXTENSION = xctest;
			};
			name = Release;
		};
/* End XCBuildConfiguration section */

/* Begin XCConfigurationList section */
		78A9394B1847C52A00B6784B /* Build configuration list for PBXProject "drinks" */ = {
			isa = XCConfigurationList;
			buildConfigurations = (
				78A9397A1847C52A00B6784B /* Debug */,
				78A9397B1847C52A00B6784B /* Release */,
			);
			defaultConfigurationIsVisible = 0;
			defaultConfigurationName = Release;
		};
		78A9397C1847C52A00B6784B /* Build configuration list for PBXNativeTarget "drinks" */ = {
			isa = XCConfigurationList;
			buildConfigurations = (
				78A9397D1847C52A00B6784B /* Debug */,
				78A9397E1847C52A00B6784B /* Release */,
			);
			defaultConfigurationIsVisible = 0;
			defaultConfigurationName = Release;
		};
		78A9397F1847C52A00B6784B /* Build configuration list for PBXNativeTarget "drinksTests" */ = {
			isa = XCConfigurationList;
			buildConfigurations = (
				78A939801847C52A00B6784B /* Debug */,
				78A939811847C52A00B6784B /* Release */,
			);
			defaultConfigurationIsVisible = 0;
			defaultConfigurationName = Release;
		};
/* End XCConfigurationList section */
	};
	rootObject = 78A939481847C52A00B6784B /* Project object */;
}
